// !$*UTF8*$!
{
	archiveVersion = 1;
	classes = {
	};
	objectVersion = 77;
	objects = {

/* Begin PBXBuildFile section */
		02F5292558288AB4FA3DE54E /* SearchOptions.swift in Sources */ = {isa = PBXBuildFile; fileRef = 41925ABE34C9D35C075C67AA /* SearchOptions.swift */; };
		03DB03946EACB4EC3CC920AD /* SearchFieldInputBehavior.swift in Sources */ = {isa = PBXBuildFile; fileRef = F1FCFA6135148D9C41CD49A8 /* SearchFieldInputBehavior.swift */; };
		03E5C3A13E13A63EDE0F87A0 /* AuthProvider.swift in Sources */ = {isa = PBXBuildFile; fileRef = 613A6C65D3E6FDBC1FEE04C5 /* AuthProvider.swift */; };
		0C145C2A445386A99C1A41E1 /* OpenAPIURLSession in Frameworks */ = {isa = PBXBuildFile; productRef = 5DCCCA95DB28A342FFAAEC81 /* OpenAPIURLSession */; };
		0DBECBC1FA1CFDE59C565D34 /* SettingsView.swift in Sources */ = {isa = PBXBuildFile; fileRef = F60457B9087B8C9B16952783 /* SettingsView.swift */; };
		0E0EE5D3C981B00E1290F2FD /* Client.swift in Sources */ = {isa = PBXBuildFile; fileRef = 2AE66AEEC26F743787CDC4EE /* Client.swift */; };
		0FC8D86160FD6351D3956617 /* AppConfiguration.swift in Sources */ = {isa = PBXBuildFile; fileRef = 84C5C5FE44DB9A0D821C72AD /* AppConfiguration.swift */; };
		10C17E3364E441F0ECE602AC /* LoadMoreButton.swift in Sources */ = {isa = PBXBuildFile; fileRef = BE1705A025843D670B80F480 /* LoadMoreButton.swift */; };
		10F4B6790860867934B334F8 /* OpenAPIRuntime in Frameworks */ = {isa = PBXBuildFile; productRef = 8780AC234414FC21BE50A118 /* OpenAPIRuntime */; };
		167E5076004F5F0AB43045C0 /* LaughTrackAPIClient.framework in Embed Frameworks */ = {isa = PBXBuildFile; fileRef = DE90DE11FF14510C06890AB7 /* LaughTrackAPIClient.framework */; settings = {ATTRIBUTES = (CodeSignOnCopy, RemoveHeadersOnCopy, ); }; };
		1735C9271E7A5DEED56422ED /* OpenAPIRuntime in Frameworks */ = {isa = PBXBuildFile; productRef = 6AF9C434C99637FEA0F1C1FF /* OpenAPIRuntime */; };
		181A795B85D01A9F67BB546F /* DetailLinkCard.swift in Sources */ = {isa = PBXBuildFile; fileRef = 362FB74E179068F3F3E96CB7 /* DetailLinkCard.swift */; };
		19EC027AFC1CFE299CA2976B /* ClubDetailViewTests.swift in Sources */ = {isa = PBXBuildFile; fileRef = A6828B86711E4F3F8219EEE5 /* ClubDetailViewTests.swift */; };
		1A5D6FCCE03D590C5CA528A7 /* ClubsDiscoveryView.swift in Sources */ = {isa = PBXBuildFile; fileRef = FC9E6D2EAD36D7ADE1013D96 /* ClubsDiscoveryView.swift */; };
		1B95B72A52E55A1521A3914B /* LaughTrackOfflineOperation.swift in Sources */ = {isa = PBXBuildFile; fileRef = E8FF3C7F0664E4874C83A911 /* LaughTrackOfflineOperation.swift */; };
		1C7768661C5CFBBC6AA1D19A /* APIClient in Frameworks */ = {isa = PBXBuildFile; productRef = 840EC01CEF9D9E447C26CF81 /* APIClient */; };
		1D29846232BE8B601CF6C991 /* SharedKit in Frameworks */ = {isa = PBXBuildFile; productRef = 4BE52EFE6EC3A2B61C652F82 /* SharedKit */; };
		1D2E87B73739EA1A7023E9E2 /* LaughTrackApp.swift in Sources */ = {isa = PBXBuildFile; fileRef = 281FB22CC5183EF10EE60C01 /* LaughTrackApp.swift */; };
		1E02A267A51AA495C1E0D807 /* SearchRootViewTests.swift in Sources */ = {isa = PBXBuildFile; fileRef = 90B6537DBFBB91D1848405D7 /* SearchRootViewTests.swift */; };
		1FDB4B4BA0CCBABE3BEE1021 /* LaughTrackBrowseComponents.swift in Sources */ = {isa = PBXBuildFile; fileRef = 50E74EE4E67E5475B4FDB8BA /* LaughTrackBrowseComponents.swift */; };
		216AB2C6394A55C617E14E89 /* ComedianLineupRow.swift in Sources */ = {isa = PBXBuildFile; fileRef = A8F8A66AB1B210569977A53D /* ComedianLineupRow.swift */; };
		255083D6293B5C6A330E0A97 /* HTTPTypes in Frameworks */ = {isa = PBXBuildFile; productRef = 5065622ECA00D55918B63F96 /* HTTPTypes */; };
		260FB020EC4EB1996F824F65 /* LaughTrackCore.framework in Embed Frameworks */ = {isa = PBXBuildFile; fileRef = 8EA13D0C5CA2F5439E19E122 /* LaughTrackCore.framework */; settings = {ATTRIBUTES = (CodeSignOnCopy, RemoveHeadersOnCopy, ); }; };
		2A90E3D243B9BFCC2836B55B /* LaughTrackBridge.framework in Embed Frameworks */ = {isa = PBXBuildFile; fileRef = 20552640F544D4395DE585B7 /* LaughTrackBridge.framework */; settings = {ATTRIBUTES = (CodeSignOnCopy, RemoveHeadersOnCopy, ); }; };
		2A9EAFCA45FFDC0AD0584880 /* LaughTrackAPIClient.framework in Frameworks */ = {isa = PBXBuildFile; fileRef = DE90DE11FF14510C06890AB7 /* LaughTrackAPIClient.framework */; };
		2FDC04B26C9E078C0855E7FF /* LaughTrackCacheKey.swift in Sources */ = {isa = PBXBuildFile; fileRef = 0A4A91F43782F9FDA4187D3F /* LaughTrackCacheKey.swift */; };
		32A5E020FCE38B5DB95F3150 /* LaughTrackThemeTests.swift in Sources */ = {isa = PBXBuildFile; fileRef = FA8627914216136279852602 /* LaughTrackThemeTests.swift */; };
		34EBD60458D84264A2254D4D /* ComedianFavoriteStore.swift in Sources */ = {isa = PBXBuildFile; fileRef = 5B1037EF95781CD7B17928EB /* ComedianFavoriteStore.swift */; };
		38D7CA0826C7E00A4113ABA9 /* OAuthSessionRunner.swift in Sources */ = {isa = PBXBuildFile; fileRef = 9F1CE5B8D82B0C6436FA4869 /* OAuthSessionRunner.swift */; };
		39AD5B489122169B7FDCAE19 /* APIZipLocationResolverTests.swift in Sources */ = {isa = PBXBuildFile; fileRef = 3F5A63806BF28FA2458ABDA5 /* APIZipLocationResolverTests.swift */; };
		3A45CC6A945A1F71531A0E62 /* HomeNearbyDiscoveryModel.swift in Sources */ = {isa = PBXBuildFile; fileRef = 75F533C73971C1F2F36A83BC /* HomeNearbyDiscoveryModel.swift */; };
		3A87DFE2E185644A17460C44 /* LaughTrackLoginModalView.swift in Sources */ = {isa = PBXBuildFile; fileRef = EE87A12423AD71BAD9FAF368 /* LaughTrackLoginModalView.swift */; };
		3B430DA4BB446FE59C018E9B /* ClubDetailView.swift in Sources */ = {isa = PBXBuildFile; fileRef = EC44E1E7ADFDC512DB784C72 /* ClubDetailView.swift */; };
		3B4C42AA261FA51B09A35541 /* SharedKit in Frameworks */ = {isa = PBXBuildFile; productRef = B5CF312989F6114779A9309B /* SharedKit */; };
		3B71F1B7EA08781B00BB37C3 /* AuthManagerTests.swift in Sources */ = {isa = PBXBuildFile; fileRef = C9380AC29718B8FA353B3FF2 /* AuthManagerTests.swift */; };
		3BAF38CEEE908DDC0D8941E9 /* XTimezoneHeaderNormalizationMiddleware.swift in Sources */ = {isa = PBXBuildFile; fileRef = 1CA1C8E0B073FCE3484E62AB /* XTimezoneHeaderNormalizationMiddleware.swift */; };
		3C04CC92EAE644A28B724B92 /* HomeNearbyDiscoveryModelTests.swift in Sources */ = {isa = PBXBuildFile; fileRef = 6E599CC70AC17C3B34F045FE /* HomeNearbyDiscoveryModelTests.swift */; };
		3CEBAA68984331D050F4088C /* UnauthorizedResponseMiddleware.swift in Sources */ = {isa = PBXBuildFile; fileRef = 92337F6B1144FEF54810C74C /* UnauthorizedResponseMiddleware.swift */; };
		3DD05080A8172D6F4867A8B9 /* XTimezoneHeaderNormalizationMiddlewareTests.swift in Sources */ = {isa = PBXBuildFile; fileRef = FABAAA0F26373401F6AE35A0 /* XTimezoneHeaderNormalizationMiddlewareTests.swift */; };
		3F8E5733305A73D0F92BD5C6 /* SearchField.swift in Sources */ = {isa = PBXBuildFile; fileRef = B567539F4B8C5140CCA80BFC /* SearchField.swift */; };
		41DC07457C594E4BA82A70E8 /* Assets.xcassets in Resources */ = {isa = PBXBuildFile; fileRef = 412E08B18318996CA4DB94CD /* Assets.xcassets */; };
		41F25FA51A32EFBC75B3B7B7 /* ProfileView.swift in Sources */ = {isa = PBXBuildFile; fileRef = 013C30ED4B343F94BCD7B193 /* ProfileView.swift */; };
		42424F768696DC2F72FF6B9E /* LaughTrackBridge.framework in Frameworks */ = {isa = PBXBuildFile; fileRef = 20552640F544D4395DE585B7 /* LaughTrackBridge.framework */; };
		464D53193F4769A1BD73A7A3 /* Demo.swift in Sources */ = {isa = PBXBuildFile; fileRef = EBE877FF9B9D76AAC6FFCBA7 /* Demo.swift */; };
		497B1B88853BE206736ADEFC /* LibraryFavoritesViewTests.swift in Sources */ = {isa = PBXBuildFile; fileRef = 7436912FD34C53C36498E5EF /* LibraryFavoritesViewTests.swift */; };
		4E555BF23B469378A967859A /* SettingsViewStateTests.swift in Sources */ = {isa = PBXBuildFile; fileRef = ECED0A3A8EEF5B333E588DB8 /* SettingsViewStateTests.swift */; };
		50B7B8939830138B1D3D7FDF /* LibraryViewTests.swift in Sources */ = {isa = PBXBuildFile; fileRef = 9DCCCE4F2A5D080DC2574451 /* LibraryViewTests.swift */; };
		511FC6C382C4400C100D1495 /* ClubsDiscoveryModel.swift in Sources */ = {isa = PBXBuildFile; fileRef = 11D1764946AE444ED9B200C5 /* ClubsDiscoveryModel.swift */; };
		5518B3838A0551BE0358E7FA /* HTTPTypes in Frameworks */ = {isa = PBXBuildFile; productRef = 3EE680D7B2961BCF494CE024 /* HTTPTypes */; };
		59D54B2C3A5ED9E1E0A54795 /* ShowsDiscoveryModel.swift in Sources */ = {isa = PBXBuildFile; fileRef = 9E2C00B3ADBB171919FC3B6D /* ShowsDiscoveryModel.swift */; };
		5C3CAA72E332C5CE372BEA93 /* ComedianDetailView.swift in Sources */ = {isa = PBXBuildFile; fileRef = 373E44114089F7B2E6F7B524 /* ComedianDetailView.swift */; };
		5FECACC3A16CCB6448BADCF3 /* DetailHero.swift in Sources */ = {isa = PBXBuildFile; fileRef = C32660C7210ED82ACF6884F4 /* DetailHero.swift */; };
		6345F1EA9EAEA2507D01175F /* AuthManager.swift in Sources */ = {isa = PBXBuildFile; fileRef = 427388AED0335B0C7AC80040 /* AuthManager.swift */; };
		69B7A099BA643750CFE54512 /* EntityDataFlowTests.swift in Sources */ = {isa = PBXBuildFile; fileRef = 1A9A2BE7EB1ACA27F65E10C5 /* EntityDataFlowTests.swift */; };
		6ABEE832F9DD11A82D34B73C /* SearchRootView.swift in Sources */ = {isa = PBXBuildFile; fileRef = 22E3FEC26FAACA575C943CBF /* SearchRootView.swift */; };
		6E26430B88F35A8B1BB17F31 /* ProfileViewTests.swift in Sources */ = {isa = PBXBuildFile; fileRef = AF110C4D6F9495746B88F926 /* ProfileViewTests.swift */; };
		6EED35E475AD78DA03A3F5C7 /* ContentView.swift in Sources */ = {isa = PBXBuildFile; fileRef = A6A4759E6DB08350C5ADD176 /* ContentView.swift */; };
		7170F0CD6E2E66D3E13E260D /* HostedViewDumpTreeTests.swift in Sources */ = {isa = PBXBuildFile; fileRef = 5984C96F90F11803C896B6D2 /* HostedViewDumpTreeTests.swift */; };
		725123B701491B774F14F4B9 /* LaughTrackAPIClient.framework in Frameworks */ = {isa = PBXBuildFile; fileRef = DE90DE11FF14510C06890AB7 /* LaughTrackAPIClient.framework */; };
		739A95D851F561B8547F9395 /* OpenAPIURLSession in Frameworks */ = {isa = PBXBuildFile; productRef = 61CB6BEBA8E2ACC482982705 /* OpenAPIURLSession */; };
		751A527C1B22183FBA02767E /* ComedianFavoriteStoreTests.swift in Sources */ = {isa = PBXBuildFile; fileRef = B7DFA8DEA5A7A187DDF42A01 /* ComedianFavoriteStoreTests.swift */; };
		79980C10F2F4DC91F9EAED6E /* AuthRouteConfiguration.swift in Sources */ = {isa = PBXBuildFile; fileRef = 585D8619C93C9C77641450CD /* AuthRouteConfiguration.swift */; };
		7BF5BA4980BD8A9267682209 /* AppShellView.swift in Sources */ = {isa = PBXBuildFile; fileRef = B5E043BF19430E526D649ECA /* AppShellView.swift */; };
		7C144BFBEBBC56DE3D32FB32 /* StateCards.swift in Sources */ = {isa = PBXBuildFile; fileRef = EB66121B33E84052C0C4FE7C /* StateCards.swift */; };
		7CE7ED289811B42C1D2028E1 /* HomeNearbyDiscoverySection.swift in Sources */ = {isa = PBXBuildFile; fileRef = FCA79C04AF80FA6D5C8B158C /* HomeNearbyDiscoverySection.swift */; };
		7DEAA1E601E0164C5678D6FC /* HomeView.swift in Sources */ = {isa = PBXBuildFile; fileRef = 42E7556F23D24DC31A2A1FF1 /* HomeView.swift */; };
		8106A1BA0F8DA2BFFE165D2B /* HostedViewTestSupport.swift in Sources */ = {isa = PBXBuildFile; fileRef = F2A090D0A39069956E88CB02 /* HostedViewTestSupport.swift */; };
		81080CF76CF34AE7689E0E15 /* LaughTrackTests.swift in Sources */ = {isa = PBXBuildFile; fileRef = 847B300414E0F1BA6011DA7B /* LaughTrackTests.swift */; };
		81438189E9144731336F4867 /* ShowDetailViewTests.swift in Sources */ = {isa = PBXBuildFile; fileRef = B4E1670E2DC2AFEA73AB1A3E /* ShowDetailViewTests.swift */; };
		8327AF474D76C38707EE0262 /* ServiceRegistrationTests.swift in Sources */ = {isa = PBXBuildFile; fileRef = EE6ED3B8ED09F12D8A03111F /* ServiceRegistrationTests.swift */; };
		84583D2BFAB07ACA108C3CFA /* Types.swift in Sources */ = {isa = PBXBuildFile; fileRef = DFD6F86573233BBC5DAFD03B /* Types.swift */; };
		87A52A26C28E621FFF07B848 /* NearbyLocationControllerTests.swift in Sources */ = {isa = PBXBuildFile; fileRef = C2BF672FCBD4D1FC71AC695A /* NearbyLocationControllerTests.swift */; };
		87BB93C5742E9FAAEB4296E2 /* SocialLinkSection.swift in Sources */ = {isa = PBXBuildFile; fileRef = 62A614797CE26BEE8EE86818 /* SocialLinkSection.swift */; };
		884190B0394B80832A06DEF7 /* DetailInfoCards.swift in Sources */ = {isa = PBXBuildFile; fileRef = 1DD4E55D9ECB947F114CB992 /* DetailInfoCards.swift */; };
		8873B3618E229562016FB042 /* SearchRootModel.swift in Sources */ = {isa = PBXBuildFile; fileRef = 9978F45A4571629632A092FF /* SearchRootModel.swift */; };
		897916F73DECAD5C678A2269 /* OpenAPIRuntime in Frameworks */ = {isa = PBXBuildFile; productRef = 71C12428379E58C843E61BF8 /* OpenAPIRuntime */; };
		89C07B42865A1B37AA845F1E /* LaughTrackBridge.swift in Sources */ = {isa = PBXBuildFile; fileRef = AD130C65850C7623AC95788F /* LaughTrackBridge.swift */; };
		8A3AE319974FC54ABCE52FB2 /* NearbyPreferenceStore.swift in Sources */ = {isa = PBXBuildFile; fileRef = 92A8166F55F78405CB41E328 /* NearbyPreferenceStore.swift */; };
		8D81806CD0D225EBF53B6513 /* ComediansDiscoveryView.swift in Sources */ = {isa = PBXBuildFile; fileRef = 253B49BBBF819450AC9E778A /* ComediansDiscoveryView.swift */; };
		9009C5A81846DBC1B9A15358 /* AppTab.swift in Sources */ = {isa = PBXBuildFile; fileRef = E34F7E79132A5EA5AA3552B4 /* AppTab.swift */; };
		91F5129BA47F8724B27E8BF2 /* LaughTrackAPIClient.swift in Sources */ = {isa = PBXBuildFile; fileRef = 98FC93EDB4A27FDCCB09F568 /* LaughTrackAPIClient.swift */; };
		92F47B2CCCE1D1296F3AE7BD /* AppRoute.swift in Sources */ = {isa = PBXBuildFile; fileRef = 1C6A228D912DFFE3A74A36BB /* AppRoute.swift */; };
		94487F196E7F1E52967A3AB0 /* LaughTrackCore.framework in Frameworks */ = {isa = PBXBuildFile; fileRef = 8EA13D0C5CA2F5439E19E122 /* LaughTrackCore.framework */; };
		97A64E347CF2AF2280EFA9A2 /* ShowFormatting.swift in Sources */ = {isa = PBXBuildFile; fileRef = 01E967C8A3F78A8A5226D2AA /* ShowFormatting.swift */; };
		9ECD9CBBBF4146F96875CF95 /* EntityDataFlow.swift in Sources */ = {isa = PBXBuildFile; fileRef = 8BF2B88CE4154BD479271AA7 /* EntityDataFlow.swift */; };
		9F699E60A40D89F8C4A837CF /* APIVersionPathMiddleware.swift in Sources */ = {isa = PBXBuildFile; fileRef = B534BFFF719C94C2A0D86C6D /* APIVersionPathMiddleware.swift */; };
		A01CEE8E888E8443499CC503 /* LaughTrackCore.framework in Embed Frameworks */ = {isa = PBXBuildFile; fileRef = 8EA13D0C5CA2F5439E19E122 /* LaughTrackCore.framework */; settings = {ATTRIBUTES = (CodeSignOnCopy, RemoveHeadersOnCopy, ); }; };
		A24095B90BCF6912A7533AED /* APIClient in Frameworks */ = {isa = PBXBuildFile; productRef = 835B2849E1649BAD8DA6A0F9 /* APIClient */; };
		A5F9E58A11CD1BCCC4CEB7A1 /* ZipLocationResolver.swift in Sources */ = {isa = PBXBuildFile; fileRef = 561D473C1C08608F79C5271E /* ZipLocationResolver.swift */; };
		A7FE5B69BD3BD476880ECE8A /* SharedKit in Frameworks */ = {isa = PBXBuildFile; productRef = 3FBC80AB90A17D8FC359C686 /* SharedKit */; };
		A8E2681C829D7689D6BA9CB0 /* RemoteImageView.swift in Sources */ = {isa = PBXBuildFile; fileRef = 9E46EEC347F8101FE9686C69 /* RemoteImageView.swift */; };
		AAC32768797F7C1F1406447A /* ComediansDiscoveryModel.swift in Sources */ = {isa = PBXBuildFile; fileRef = 787B72EABFD79CFD44CEF1A1 /* ComediansDiscoveryModel.swift */; };
		ABDEA32E11841DE7E6497603 /* DiscoveryCard.swift in Sources */ = {isa = PBXBuildFile; fileRef = C64E7D37B825D2EB605C8EB2 /* DiscoveryCard.swift */; };
		AD5A4B33897A9BDF49530E6F /* APIClient in Frameworks */ = {isa = PBXBuildFile; productRef = 362B635800535696613C37C8 /* APIClient */; };
		AEA74D84F41D31324D1B0E81 /* ShowsDiscoveryView.swift in Sources */ = {isa = PBXBuildFile; fileRef = BD8C61D54D21DB28D76A55E0 /* ShowsDiscoveryView.swift */; };
		B02B4C039B49D16147102DC7 /* LibraryView.swift in Sources */ = {isa = PBXBuildFile; fileRef = F89AAF6B2F061BEDB66EB34A /* LibraryView.swift */; };
		B3519F018193141EFCBCDDB2 /* SavedFavoritesSection.swift in Sources */ = {isa = PBXBuildFile; fileRef = B705EA400FAD98C582CD61E6 /* SavedFavoritesSection.swift */; };
		B5FC8176CE8E0E5C21F62C33 /* LaughTrackAPIClient.framework in Frameworks */ = {isa = PBXBuildFile; fileRef = DE90DE11FF14510C06890AB7 /* LaughTrackAPIClient.framework */; };
		B6400391B2D887C2DD9E88EB /* AuthLoadingView.swift in Sources */ = {isa = PBXBuildFile; fileRef = 8E0F869A9A6680470A122B0B /* AuthLoadingView.swift */; };
		B769EDC068BE0787A90C22F3 /* LaughTrackTheme.swift in Sources */ = {isa = PBXBuildFile; fileRef = FD44BB9E3449C773B60FE7A7 /* LaughTrackTheme.swift */; };
		B8C85860DFEDE38D9667F5EA /* LaughTrackNavigationChrome.swift in Sources */ = {isa = PBXBuildFile; fileRef = 59B97BD6A9A65CD575EA8F07 /* LaughTrackNavigationChrome.swift */; };
		BF22056DCD1C27CBFAFAAF11 /* DetailFetchSupportTests.swift in Sources */ = {isa = PBXBuildFile; fileRef = 0F4233943B1264FC9441BD6C /* DetailFetchSupportTests.swift */; };
		C27DB4BAD000672EF70ED3E6 /* LaughTrackBridge.framework in Embed Frameworks */ = {isa = PBXBuildFile; fileRef = 20552640F544D4395DE585B7 /* LaughTrackBridge.framework */; settings = {ATTRIBUTES = (CodeSignOnCopy, RemoveHeadersOnCopy, ); }; };
		C385816EB40B0E60FD8350AD /* HTTPTypes in Frameworks */ = {isa = PBXBuildFile; productRef = F840714F147704B940EFAC06 /* HTTPTypes */; };
		C6BDC552CA2E02C18B2C5F2E /* ShowDetailView.swift in Sources */ = {isa = PBXBuildFile; fileRef = F507D3C7B4E507D8FA307075 /* ShowDetailView.swift */; };
		C6FB9B34A0F4D1A23A580E19 /* LaughTrackAPIClient.framework in Embed Frameworks */ = {isa = PBXBuildFile; fileRef = DE90DE11FF14510C06890AB7 /* LaughTrackAPIClient.framework */; settings = {ATTRIBUTES = (CodeSignOnCopy, RemoveHeadersOnCopy, ); }; };
		C843E624627FED8F6B6195FC /* LaughTrackBridge.framework in Frameworks */ = {isa = PBXBuildFile; fileRef = 20552640F544D4395DE585B7 /* LaughTrackBridge.framework */; };
		CD180351B0B6171228503509 /* LoadFailure.swift in Sources */ = {isa = PBXBuildFile; fileRef = 43EE3334A9C17B5E93FDB4F4 /* LoadFailure.swift */; };
		CF2D1462F9F8A2ABF8163B42 /* ComedianDetailViewTests.swift in Sources */ = {isa = PBXBuildFile; fileRef = 4F6241EF98C5364C9ADF43F1 /* ComedianDetailViewTests.swift */; };
		CF5C6C3A8C12A2BAFC1FBFD3 /* FavoriteButton.swift in Sources */ = {isa = PBXBuildFile; fileRef = A8BA3B55591C23E4463A3C08 /* FavoriteButton.swift */; };
		D122A8C095CAFEAFAF6ECC91 /* SessionBannerCard.swift in Sources */ = {isa = PBXBuildFile; fileRef = B2A24C1071F5E8BF76882EC9 /* SessionBannerCard.swift */; };
		D2E096BC01B6363AC5C2DCBC /* ShowRow.swift in Sources */ = {isa = PBXBuildFile; fileRef = 9ACD82EBB1E7139CBE01CC82 /* ShowRow.swift */; };
		D53DDEF7B72376F2B46B2FF6 /* StubLocationResolvers.swift in Sources */ = {isa = PBXBuildFile; fileRef = B790E6CA653AB5CC278F718D /* StubLocationResolvers.swift */; };
		D8230A7E91161475D358210D /* HTTPTypes in Frameworks */ = {isa = PBXBuildFile; productRef = 02C7C5A65A09BD0E6A833275 /* HTTPTypes */; };
		D9DE226178A12B65ADAEDC5A /* LaughTrackCore.framework in Frameworks */ = {isa = PBXBuildFile; fileRef = 8EA13D0C5CA2F5439E19E122 /* LaughTrackCore.framework */; };
		DA291F923EC7BD8D3C171614 /* HomeHeroHeaderTests.swift in Sources */ = {isa = PBXBuildFile; fileRef = 328F12C707EF4EC81785C09D /* HomeHeroHeaderTests.swift */; };
		DB42ABFE9CEFC0D3D27C17ED /* LaughTrackBrowseComponentsTests.swift in Sources */ = {isa = PBXBuildFile; fileRef = 392FD90AD816C46171226847 /* LaughTrackBrowseComponentsTests.swift */; };
		DCF255F920A82556C2EEF714 /* URLHelpers.swift in Sources */ = {isa = PBXBuildFile; fileRef = E6B2075FA65F8D0AEAF5531A /* URLHelpers.swift */; };
		DF7B126737E6860FED878A59 /* SharedKit in Frameworks */ = {isa = PBXBuildFile; productRef = F6CD43913E8654A6A6A90389 /* SharedKit */; };
		E2889930BEDFE54F911EC6D1 /* AppBootstrap.swift in Sources */ = {isa = PBXBuildFile; fileRef = 8510FB22DBE58FC68078455A /* AppBootstrap.swift */; };
		E3DDB8037254DC0B356EBBEB /* NearbyLocationController.swift in Sources */ = {isa = PBXBuildFile; fileRef = 498BFB68E6063E822195D27C /* NearbyLocationController.swift */; };
		E53D9089F62B10F23F0FEE0F /* AuthenticatedUser.swift in Sources */ = {isa = PBXBuildFile; fileRef = 23C754F57E247ED20F9C3291 /* AuthenticatedUser.swift */; };
		E566D7C39CD2A4613F1625A2 /* TokenRefreshMiddlewareIntegrationTests.swift in Sources */ = {isa = PBXBuildFile; fileRef = 3700564FAB149798B936D4CC /* TokenRefreshMiddlewareIntegrationTests.swift */; };
		E719E86933DE95517DEC247A /* ContentViewNavigationTests.swift in Sources */ = {isa = PBXBuildFile; fileRef = 10BDD51643814940674250AA /* ContentViewNavigationTests.swift */; };
		E86AD6D732F103EEFEDE11C2 /* AppShellViewTests.swift in Sources */ = {isa = PBXBuildFile; fileRef = A193324FDADD4539F7514E44 /* AppShellViewTests.swift */; };
		E93AC12CEAD43C483B38B4F5 /* LoginModalPresenter.swift in Sources */ = {isa = PBXBuildFile; fileRef = 05DDCB75107CBE67C0FD9CEB /* LoginModalPresenter.swift */; };
		EC250092710CB355D3BF3A08 /* NearbyPreferenceStoreTests.swift in Sources */ = {isa = PBXBuildFile; fileRef = 1F7744758B0F2196DFF05F32 /* NearbyPreferenceStoreTests.swift */; };
		EDF1D1D2E2EF030AE5B57451 /* ProfileViewBranchingTests.swift in Sources */ = {isa = PBXBuildFile; fileRef = 08CEF5393B8FF037B2C6A9FF /* ProfileViewBranchingTests.swift */; };
		EE218D2A45B07D5449EC7E61 /* DetailModels.swift in Sources */ = {isa = PBXBuildFile; fileRef = 1384478A2C1BDEDDA8C64200 /* DetailModels.swift */; };
		EE525E53789A1438164BC4C0 /* HomeSearchEntryCard.swift in Sources */ = {isa = PBXBuildFile; fileRef = 2999A21D7D46B9697EEAB62F /* HomeSearchEntryCard.swift */; };
		F07B8BFA93C29AAB9929748A /* LaughTrackComponents.swift in Sources */ = {isa = PBXBuildFile; fileRef = F97636A6D9A525F2A93EEBBD /* LaughTrackComponents.swift */; };
		F2F81216C8A86112F5D53B3D /* AuthManagerSignOutIntegrationTests.swift in Sources */ = {isa = PBXBuildFile; fileRef = BD9FBF9E6CD8A67F17A979D0 /* AuthManagerSignOutIntegrationTests.swift */; };
		F3010080CDE3E66A512F6423 /* CurrentLocationZipResolver.swift in Sources */ = {isa = PBXBuildFile; fileRef = 30BC17288637FF61B8F14864 /* CurrentLocationZipResolver.swift */; };
		F5512524B05FB4BDF6E3F33B /* StubClientTransport.swift in Sources */ = {isa = PBXBuildFile; fileRef = 9170739BCDBB962D8D115F8B /* StubClientTransport.swift */; };
		F6A2A20C8459B6D3D685D19C /* TestResolverStubs.swift in Sources */ = {isa = PBXBuildFile; fileRef = B77565DFAF90D74AC5F8DECF /* TestResolverStubs.swift */; };
		F80B120EE62E089ED0A9403B /* HomeFavoriteShowsRailTests.swift in Sources */ = {isa = PBXBuildFile; fileRef = B9A5892A66D03149C905170F /* HomeFavoriteShowsRailTests.swift */; };
		F9868C97E0278D3313F4DE79 /* ServiceRegistration.swift in Sources */ = {isa = PBXBuildFile; fileRef = 0E463D5C04287DCD22E50CB4 /* ServiceRegistration.swift */; };
		FA4FC7D3B905C1516EFDFED2 /* OpenAPIRuntime in Frameworks */ = {isa = PBXBuildFile; productRef = 4472C700BD5B0922771D56BB /* OpenAPIRuntime */; };
		FCE6374C437109388891027A /* APIClient in Frameworks */ = {isa = PBXBuildFile; productRef = A03EAB9E918EB12670D345CD /* APIClient */; };
		FDB334A4E9D26AA5BB986002 /* MiddlewareIntegrationTestSupport.swift in Sources */ = {isa = PBXBuildFile; fileRef = EEB123B3A5E6AEA324B240A1 /* MiddlewareIntegrationTestSupport.swift */; };
		FEA7B9F292F79DD9E58A7F6A /* LaughTrackBridge.framework in Frameworks */ = {isa = PBXBuildFile; fileRef = 20552640F544D4395DE585B7 /* LaughTrackBridge.framework */; };
/* End PBXBuildFile section */

/* Begin PBXContainerItemProxy section */
		0F8C02225FCBEF34DF1063A5 /* PBXContainerItemProxy */ = {
			isa = PBXContainerItemProxy;
			containerPortal = 5FB0ADAB0EB091F9D35AAAFB /* Project object */;
			proxyType = 1;
			remoteGlobalIDString = 588031D52FEC00A9869B0CEE;
			remoteInfo = LaughTrackCore;
		};
		44CC746FBC174026B35906B5 /* PBXContainerItemProxy */ = {
			isa = PBXContainerItemProxy;
			containerPortal = 5FB0ADAB0EB091F9D35AAAFB /* Project object */;
			proxyType = 1;
			remoteGlobalIDString = D19CF0218A59D603BE1AE54D;
			remoteInfo = LaughTrackBridge;
		};
		454B052D1A6E9E2483E42637 /* PBXContainerItemProxy */ = {
			isa = PBXContainerItemProxy;
			containerPortal = 5FB0ADAB0EB091F9D35AAAFB /* Project object */;
			proxyType = 1;
			remoteGlobalIDString = B8EDA9FFB6021A3EABF2DF1D;
			remoteInfo = LaughTrackAPIClient;
		};
		513329F7D0DA3A3CD3ABF4ED /* PBXContainerItemProxy */ = {
			isa = PBXContainerItemProxy;
			containerPortal = 5FB0ADAB0EB091F9D35AAAFB /* Project object */;
			proxyType = 1;
			remoteGlobalIDString = E407829409969471735EAA0F;
			remoteInfo = LaughTrack;
		};
		524F76AE8B8309A68037D3B4 /* PBXContainerItemProxy */ = {
			isa = PBXContainerItemProxy;
			containerPortal = 5FB0ADAB0EB091F9D35AAAFB /* Project object */;
			proxyType = 1;
			remoteGlobalIDString = D19CF0218A59D603BE1AE54D;
			remoteInfo = LaughTrackBridge;
		};
		7E6F9BAA0C9B9CD608AF7811 /* PBXContainerItemProxy */ = {
			isa = PBXContainerItemProxy;
			containerPortal = 5FB0ADAB0EB091F9D35AAAFB /* Project object */;
			proxyType = 1;
			remoteGlobalIDString = B8EDA9FFB6021A3EABF2DF1D;
			remoteInfo = LaughTrackAPIClient;
		};
		A33B2D917D1F821596D80C8A /* PBXContainerItemProxy */ = {
			isa = PBXContainerItemProxy;
			containerPortal = 5FB0ADAB0EB091F9D35AAAFB /* Project object */;
			proxyType = 1;
			remoteGlobalIDString = D19CF0218A59D603BE1AE54D;
			remoteInfo = LaughTrackBridge;
		};
		E2A2063F192D6802FEA2AC1A /* PBXContainerItemProxy */ = {
			isa = PBXContainerItemProxy;
			containerPortal = 5FB0ADAB0EB091F9D35AAAFB /* Project object */;
			proxyType = 1;
			remoteGlobalIDString = B8EDA9FFB6021A3EABF2DF1D;
			remoteInfo = LaughTrackAPIClient;
		};
		F10C462BC75B4021A16E504A /* PBXContainerItemProxy */ = {
			isa = PBXContainerItemProxy;
			containerPortal = 5FB0ADAB0EB091F9D35AAAFB /* Project object */;
			proxyType = 1;
			remoteGlobalIDString = 588031D52FEC00A9869B0CEE;
			remoteInfo = LaughTrackCore;
		};
/* End PBXContainerItemProxy section */

/* Begin PBXCopyFilesBuildPhase section */
		3FDE1400558C4A8F25BB2BB6 /* Embed Frameworks */ = {
			isa = PBXCopyFilesBuildPhase;
			buildActionMask = 2147483647;
			dstPath = "";
			dstSubfolderSpec = 10;
			files = (
				A01CEE8E888E8443499CC503 /* LaughTrackCore.framework in Embed Frameworks */,
				2A90E3D243B9BFCC2836B55B /* LaughTrackBridge.framework in Embed Frameworks */,
				C6FB9B34A0F4D1A23A580E19 /* LaughTrackAPIClient.framework in Embed Frameworks */,
			);
			name = "Embed Frameworks";
			runOnlyForDeploymentPostprocessing = 0;
		};
		FCB232C13A5BE6125D562EF3 /* Embed Frameworks */ = {
			isa = PBXCopyFilesBuildPhase;
			buildActionMask = 2147483647;
			dstPath = "";
			dstSubfolderSpec = 10;
			files = (
				260FB020EC4EB1996F824F65 /* LaughTrackCore.framework in Embed Frameworks */,
				C27DB4BAD000672EF70ED3E6 /* LaughTrackBridge.framework in Embed Frameworks */,
				167E5076004F5F0AB43045C0 /* LaughTrackAPIClient.framework in Embed Frameworks */,
			);
			name = "Embed Frameworks";
			runOnlyForDeploymentPostprocessing = 0;
		};
/* End PBXCopyFilesBuildPhase section */

/* Begin PBXFileReference section */
		013C30ED4B343F94BCD7B193 /* ProfileView.swift */ = {isa = PBXFileReference; lastKnownFileType = sourcecode.swift; path = ProfileView.swift; sourceTree = "<group>"; };
		01E967C8A3F78A8A5226D2AA /* ShowFormatting.swift */ = {isa = PBXFileReference; lastKnownFileType = sourcecode.swift; path = ShowFormatting.swift; sourceTree = "<group>"; };
		05DDCB75107CBE67C0FD9CEB /* LoginModalPresenter.swift */ = {isa = PBXFileReference; lastKnownFileType = sourcecode.swift; path = LoginModalPresenter.swift; sourceTree = "<group>"; };
		08CEF5393B8FF037B2C6A9FF /* ProfileViewBranchingTests.swift */ = {isa = PBXFileReference; lastKnownFileType = sourcecode.swift; path = ProfileViewBranchingTests.swift; sourceTree = "<group>"; };
		0A4A91F43782F9FDA4187D3F /* LaughTrackCacheKey.swift */ = {isa = PBXFileReference; lastKnownFileType = sourcecode.swift; path = LaughTrackCacheKey.swift; sourceTree = "<group>"; };
		0E463D5C04287DCD22E50CB4 /* ServiceRegistration.swift */ = {isa = PBXFileReference; lastKnownFileType = sourcecode.swift; path = ServiceRegistration.swift; sourceTree = "<group>"; };
		0F4233943B1264FC9441BD6C /* DetailFetchSupportTests.swift */ = {isa = PBXFileReference; lastKnownFileType = sourcecode.swift; path = DetailFetchSupportTests.swift; sourceTree = "<group>"; };
		10BDD51643814940674250AA /* ContentViewNavigationTests.swift */ = {isa = PBXFileReference; lastKnownFileType = sourcecode.swift; path = ContentViewNavigationTests.swift; sourceTree = "<group>"; };
		11D1764946AE444ED9B200C5 /* ClubsDiscoveryModel.swift */ = {isa = PBXFileReference; lastKnownFileType = sourcecode.swift; path = ClubsDiscoveryModel.swift; sourceTree = "<group>"; };
		1384478A2C1BDEDDA8C64200 /* DetailModels.swift */ = {isa = PBXFileReference; lastKnownFileType = sourcecode.swift; path = DetailModels.swift; sourceTree = "<group>"; };
		1A9A2BE7EB1ACA27F65E10C5 /* EntityDataFlowTests.swift */ = {isa = PBXFileReference; lastKnownFileType = sourcecode.swift; path = EntityDataFlowTests.swift; sourceTree = "<group>"; };
		1C6A228D912DFFE3A74A36BB /* AppRoute.swift */ = {isa = PBXFileReference; lastKnownFileType = sourcecode.swift; path = AppRoute.swift; sourceTree = "<group>"; };
		1CA1C8E0B073FCE3484E62AB /* XTimezoneHeaderNormalizationMiddleware.swift */ = {isa = PBXFileReference; lastKnownFileType = sourcecode.swift; path = XTimezoneHeaderNormalizationMiddleware.swift; sourceTree = "<group>"; };
		1DD4E55D9ECB947F114CB992 /* DetailInfoCards.swift */ = {isa = PBXFileReference; lastKnownFileType = sourcecode.swift; path = DetailInfoCards.swift; sourceTree = "<group>"; };
		1F7744758B0F2196DFF05F32 /* NearbyPreferenceStoreTests.swift */ = {isa = PBXFileReference; lastKnownFileType = sourcecode.swift; path = NearbyPreferenceStoreTests.swift; sourceTree = "<group>"; };
		20552640F544D4395DE585B7 /* LaughTrackBridge.framework */ = {isa = PBXFileReference; explicitFileType = wrapper.framework; includeInIndex = 0; path = LaughTrackBridge.framework; sourceTree = BUILT_PRODUCTS_DIR; };
		22E3FEC26FAACA575C943CBF /* SearchRootView.swift */ = {isa = PBXFileReference; lastKnownFileType = sourcecode.swift; path = SearchRootView.swift; sourceTree = "<group>"; };
		23C754F57E247ED20F9C3291 /* AuthenticatedUser.swift */ = {isa = PBXFileReference; lastKnownFileType = sourcecode.swift; path = AuthenticatedUser.swift; sourceTree = "<group>"; };
		253B49BBBF819450AC9E778A /* ComediansDiscoveryView.swift */ = {isa = PBXFileReference; lastKnownFileType = sourcecode.swift; path = ComediansDiscoveryView.swift; sourceTree = "<group>"; };
		281FB22CC5183EF10EE60C01 /* LaughTrackApp.swift */ = {isa = PBXFileReference; lastKnownFileType = sourcecode.swift; path = LaughTrackApp.swift; sourceTree = "<group>"; };
		2999A21D7D46B9697EEAB62F /* HomeSearchEntryCard.swift */ = {isa = PBXFileReference; lastKnownFileType = sourcecode.swift; path = HomeSearchEntryCard.swift; sourceTree = "<group>"; };
		2AE66AEEC26F743787CDC4EE /* Client.swift */ = {isa = PBXFileReference; lastKnownFileType = sourcecode.swift; path = Client.swift; sourceTree = "<group>"; };
		30BC17288637FF61B8F14864 /* CurrentLocationZipResolver.swift */ = {isa = PBXFileReference; lastKnownFileType = sourcecode.swift; path = CurrentLocationZipResolver.swift; sourceTree = "<group>"; };
		328F12C707EF4EC81785C09D /* HomeHeroHeaderTests.swift */ = {isa = PBXFileReference; lastKnownFileType = sourcecode.swift; path = HomeHeroHeaderTests.swift; sourceTree = "<group>"; };
		362FB74E179068F3F3E96CB7 /* DetailLinkCard.swift */ = {isa = PBXFileReference; lastKnownFileType = sourcecode.swift; path = DetailLinkCard.swift; sourceTree = "<group>"; };
		3700564FAB149798B936D4CC /* TokenRefreshMiddlewareIntegrationTests.swift */ = {isa = PBXFileReference; lastKnownFileType = sourcecode.swift; path = TokenRefreshMiddlewareIntegrationTests.swift; sourceTree = "<group>"; };
		373E44114089F7B2E6F7B524 /* ComedianDetailView.swift */ = {isa = PBXFileReference; lastKnownFileType = sourcecode.swift; path = ComedianDetailView.swift; sourceTree = "<group>"; };
		392FD90AD816C46171226847 /* LaughTrackBrowseComponentsTests.swift */ = {isa = PBXFileReference; lastKnownFileType = sourcecode.swift; path = LaughTrackBrowseComponentsTests.swift; sourceTree = "<group>"; };
		3F5A63806BF28FA2458ABDA5 /* APIZipLocationResolverTests.swift */ = {isa = PBXFileReference; lastKnownFileType = sourcecode.swift; path = APIZipLocationResolverTests.swift; sourceTree = "<group>"; };
		412E08B18318996CA4DB94CD /* Assets.xcassets */ = {isa = PBXFileReference; lastKnownFileType = folder.assetcatalog; path = Assets.xcassets; sourceTree = "<group>"; };
		41925ABE34C9D35C075C67AA /* SearchOptions.swift */ = {isa = PBXFileReference; lastKnownFileType = sourcecode.swift; path = SearchOptions.swift; sourceTree = "<group>"; };
		427388AED0335B0C7AC80040 /* AuthManager.swift */ = {isa = PBXFileReference; lastKnownFileType = sourcecode.swift; path = AuthManager.swift; sourceTree = "<group>"; };
		42E7556F23D24DC31A2A1FF1 /* HomeView.swift */ = {isa = PBXFileReference; lastKnownFileType = sourcecode.swift; path = HomeView.swift; sourceTree = "<group>"; };
		43EE3334A9C17B5E93FDB4F4 /* LoadFailure.swift */ = {isa = PBXFileReference; lastKnownFileType = sourcecode.swift; path = LoadFailure.swift; sourceTree = "<group>"; };
		498BFB68E6063E822195D27C /* NearbyLocationController.swift */ = {isa = PBXFileReference; lastKnownFileType = sourcecode.swift; path = NearbyLocationController.swift; sourceTree = "<group>"; };
		4F6241EF98C5364C9ADF43F1 /* ComedianDetailViewTests.swift */ = {isa = PBXFileReference; lastKnownFileType = sourcecode.swift; path = ComedianDetailViewTests.swift; sourceTree = "<group>"; };
		50E74EE4E67E5475B4FDB8BA /* LaughTrackBrowseComponents.swift */ = {isa = PBXFileReference; lastKnownFileType = sourcecode.swift; path = LaughTrackBrowseComponents.swift; sourceTree = "<group>"; };
		561D473C1C08608F79C5271E /* ZipLocationResolver.swift */ = {isa = PBXFileReference; lastKnownFileType = sourcecode.swift; path = ZipLocationResolver.swift; sourceTree = "<group>"; };
		585D8619C93C9C77641450CD /* AuthRouteConfiguration.swift */ = {isa = PBXFileReference; lastKnownFileType = sourcecode.swift; path = AuthRouteConfiguration.swift; sourceTree = "<group>"; };
		5984C96F90F11803C896B6D2 /* HostedViewDumpTreeTests.swift */ = {isa = PBXFileReference; lastKnownFileType = sourcecode.swift; path = HostedViewDumpTreeTests.swift; sourceTree = "<group>"; };
		59B97BD6A9A65CD575EA8F07 /* LaughTrackNavigationChrome.swift */ = {isa = PBXFileReference; lastKnownFileType = sourcecode.swift; path = LaughTrackNavigationChrome.swift; sourceTree = "<group>"; };
		5B1037EF95781CD7B17928EB /* ComedianFavoriteStore.swift */ = {isa = PBXFileReference; lastKnownFileType = sourcecode.swift; path = ComedianFavoriteStore.swift; sourceTree = "<group>"; };
		613A6C65D3E6FDBC1FEE04C5 /* AuthProvider.swift */ = {isa = PBXFileReference; lastKnownFileType = sourcecode.swift; path = AuthProvider.swift; sourceTree = "<group>"; };
		62A614797CE26BEE8EE86818 /* SocialLinkSection.swift */ = {isa = PBXFileReference; lastKnownFileType = sourcecode.swift; path = SocialLinkSection.swift; sourceTree = "<group>"; };
		6E599CC70AC17C3B34F045FE /* HomeNearbyDiscoveryModelTests.swift */ = {isa = PBXFileReference; lastKnownFileType = sourcecode.swift; path = HomeNearbyDiscoveryModelTests.swift; sourceTree = "<group>"; };
		7436912FD34C53C36498E5EF /* LibraryFavoritesViewTests.swift */ = {isa = PBXFileReference; lastKnownFileType = sourcecode.swift; path = LibraryFavoritesViewTests.swift; sourceTree = "<group>"; };
		75F533C73971C1F2F36A83BC /* HomeNearbyDiscoveryModel.swift */ = {isa = PBXFileReference; lastKnownFileType = sourcecode.swift; path = HomeNearbyDiscoveryModel.swift; sourceTree = "<group>"; };
		787B72EABFD79CFD44CEF1A1 /* ComediansDiscoveryModel.swift */ = {isa = PBXFileReference; lastKnownFileType = sourcecode.swift; path = ComediansDiscoveryModel.swift; sourceTree = "<group>"; };
		847B300414E0F1BA6011DA7B /* LaughTrackTests.swift */ = {isa = PBXFileReference; lastKnownFileType = sourcecode.swift; path = LaughTrackTests.swift; sourceTree = "<group>"; };
		84C5C5FE44DB9A0D821C72AD /* AppConfiguration.swift */ = {isa = PBXFileReference; lastKnownFileType = sourcecode.swift; path = AppConfiguration.swift; sourceTree = "<group>"; };
		8510FB22DBE58FC68078455A /* AppBootstrap.swift */ = {isa = PBXFileReference; lastKnownFileType = sourcecode.swift; path = AppBootstrap.swift; sourceTree = "<group>"; };
		8BF2B88CE4154BD479271AA7 /* EntityDataFlow.swift */ = {isa = PBXFileReference; lastKnownFileType = sourcecode.swift; path = EntityDataFlow.swift; sourceTree = "<group>"; };
		8D4BF4FCA9AD4D3056F0DF97 /* LaughTrack.app */ = {isa = PBXFileReference; includeInIndex = 0; lastKnownFileType = wrapper.application; path = LaughTrack.app; sourceTree = BUILT_PRODUCTS_DIR; };
		8E0F869A9A6680470A122B0B /* AuthLoadingView.swift */ = {isa = PBXFileReference; lastKnownFileType = sourcecode.swift; path = AuthLoadingView.swift; sourceTree = "<group>"; };
		8EA13D0C5CA2F5439E19E122 /* LaughTrackCore.framework */ = {isa = PBXFileReference; explicitFileType = wrapper.framework; includeInIndex = 0; path = LaughTrackCore.framework; sourceTree = BUILT_PRODUCTS_DIR; };
		90B6537DBFBB91D1848405D7 /* SearchRootViewTests.swift */ = {isa = PBXFileReference; lastKnownFileType = sourcecode.swift; path = SearchRootViewTests.swift; sourceTree = "<group>"; };
		9170739BCDBB962D8D115F8B /* StubClientTransport.swift */ = {isa = PBXFileReference; lastKnownFileType = sourcecode.swift; path = StubClientTransport.swift; sourceTree = "<group>"; };
		92337F6B1144FEF54810C74C /* UnauthorizedResponseMiddleware.swift */ = {isa = PBXFileReference; lastKnownFileType = sourcecode.swift; path = UnauthorizedResponseMiddleware.swift; sourceTree = "<group>"; };
		92A8166F55F78405CB41E328 /* NearbyPreferenceStore.swift */ = {isa = PBXFileReference; lastKnownFileType = sourcecode.swift; path = NearbyPreferenceStore.swift; sourceTree = "<group>"; };
		98FC93EDB4A27FDCCB09F568 /* LaughTrackAPIClient.swift */ = {isa = PBXFileReference; lastKnownFileType = sourcecode.swift; path = LaughTrackAPIClient.swift; sourceTree = "<group>"; };
		9978F45A4571629632A092FF /* SearchRootModel.swift */ = {isa = PBXFileReference; lastKnownFileType = sourcecode.swift; path = SearchRootModel.swift; sourceTree = "<group>"; };
		9ACD82EBB1E7139CBE01CC82 /* ShowRow.swift */ = {isa = PBXFileReference; lastKnownFileType = sourcecode.swift; path = ShowRow.swift; sourceTree = "<group>"; };
		9DCCCE4F2A5D080DC2574451 /* LibraryViewTests.swift */ = {isa = PBXFileReference; lastKnownFileType = sourcecode.swift; path = LibraryViewTests.swift; sourceTree = "<group>"; };
		9E2C00B3ADBB171919FC3B6D /* ShowsDiscoveryModel.swift */ = {isa = PBXFileReference; lastKnownFileType = sourcecode.swift; path = ShowsDiscoveryModel.swift; sourceTree = "<group>"; };
		9E46EEC347F8101FE9686C69 /* RemoteImageView.swift */ = {isa = PBXFileReference; lastKnownFileType = sourcecode.swift; path = RemoteImageView.swift; sourceTree = "<group>"; };
		9F1CE5B8D82B0C6436FA4869 /* OAuthSessionRunner.swift */ = {isa = PBXFileReference; lastKnownFileType = sourcecode.swift; path = OAuthSessionRunner.swift; sourceTree = "<group>"; };
		A193324FDADD4539F7514E44 /* AppShellViewTests.swift */ = {isa = PBXFileReference; lastKnownFileType = sourcecode.swift; path = AppShellViewTests.swift; sourceTree = "<group>"; };
		A6828B86711E4F3F8219EEE5 /* ClubDetailViewTests.swift */ = {isa = PBXFileReference; lastKnownFileType = sourcecode.swift; path = ClubDetailViewTests.swift; sourceTree = "<group>"; };
		A6A4759E6DB08350C5ADD176 /* ContentView.swift */ = {isa = PBXFileReference; lastKnownFileType = sourcecode.swift; path = ContentView.swift; sourceTree = "<group>"; };
		A8BA3B55591C23E4463A3C08 /* FavoriteButton.swift */ = {isa = PBXFileReference; lastKnownFileType = sourcecode.swift; path = FavoriteButton.swift; sourceTree = "<group>"; };
		A8F8A66AB1B210569977A53D /* ComedianLineupRow.swift */ = {isa = PBXFileReference; lastKnownFileType = sourcecode.swift; path = ComedianLineupRow.swift; sourceTree = "<group>"; };
		AD130C65850C7623AC95788F /* LaughTrackBridge.swift */ = {isa = PBXFileReference; lastKnownFileType = sourcecode.swift; path = LaughTrackBridge.swift; sourceTree = "<group>"; };
		AF110C4D6F9495746B88F926 /* ProfileViewTests.swift */ = {isa = PBXFileReference; lastKnownFileType = sourcecode.swift; path = ProfileViewTests.swift; sourceTree = "<group>"; };
		B2A24C1071F5E8BF76882EC9 /* SessionBannerCard.swift */ = {isa = PBXFileReference; lastKnownFileType = sourcecode.swift; path = SessionBannerCard.swift; sourceTree = "<group>"; };
		B4E1670E2DC2AFEA73AB1A3E /* ShowDetailViewTests.swift */ = {isa = PBXFileReference; lastKnownFileType = sourcecode.swift; path = ShowDetailViewTests.swift; sourceTree = "<group>"; };
		B534BFFF719C94C2A0D86C6D /* APIVersionPathMiddleware.swift */ = {isa = PBXFileReference; lastKnownFileType = sourcecode.swift; path = APIVersionPathMiddleware.swift; sourceTree = "<group>"; };
		B567539F4B8C5140CCA80BFC /* SearchField.swift */ = {isa = PBXFileReference; lastKnownFileType = sourcecode.swift; path = SearchField.swift; sourceTree = "<group>"; };
		B5E043BF19430E526D649ECA /* AppShellView.swift */ = {isa = PBXFileReference; lastKnownFileType = sourcecode.swift; path = AppShellView.swift; sourceTree = "<group>"; };
		B705EA400FAD98C582CD61E6 /* SavedFavoritesSection.swift */ = {isa = PBXFileReference; lastKnownFileType = sourcecode.swift; path = SavedFavoritesSection.swift; sourceTree = "<group>"; };
		B77565DFAF90D74AC5F8DECF /* TestResolverStubs.swift */ = {isa = PBXFileReference; lastKnownFileType = sourcecode.swift; path = TestResolverStubs.swift; sourceTree = "<group>"; };
		B790E6CA653AB5CC278F718D /* StubLocationResolvers.swift */ = {isa = PBXFileReference; lastKnownFileType = sourcecode.swift; path = StubLocationResolvers.swift; sourceTree = "<group>"; };
		B7DFA8DEA5A7A187DDF42A01 /* ComedianFavoriteStoreTests.swift */ = {isa = PBXFileReference; lastKnownFileType = sourcecode.swift; path = ComedianFavoriteStoreTests.swift; sourceTree = "<group>"; };
		B9A5892A66D03149C905170F /* HomeFavoriteShowsRailTests.swift */ = {isa = PBXFileReference; lastKnownFileType = sourcecode.swift; path = HomeFavoriteShowsRailTests.swift; sourceTree = "<group>"; };
		BD8C61D54D21DB28D76A55E0 /* ShowsDiscoveryView.swift */ = {isa = PBXFileReference; lastKnownFileType = sourcecode.swift; path = ShowsDiscoveryView.swift; sourceTree = "<group>"; };
		BD9FBF9E6CD8A67F17A979D0 /* AuthManagerSignOutIntegrationTests.swift */ = {isa = PBXFileReference; lastKnownFileType = sourcecode.swift; path = AuthManagerSignOutIntegrationTests.swift; sourceTree = "<group>"; };
		BE1705A025843D670B80F480 /* LoadMoreButton.swift */ = {isa = PBXFileReference; lastKnownFileType = sourcecode.swift; path = LoadMoreButton.swift; sourceTree = "<group>"; };
		C2BF672FCBD4D1FC71AC695A /* NearbyLocationControllerTests.swift */ = {isa = PBXFileReference; lastKnownFileType = sourcecode.swift; path = NearbyLocationControllerTests.swift; sourceTree = "<group>"; };
		C32660C7210ED82ACF6884F4 /* DetailHero.swift */ = {isa = PBXFileReference; lastKnownFileType = sourcecode.swift; path = DetailHero.swift; sourceTree = "<group>"; };
		C64E7D37B825D2EB605C8EB2 /* DiscoveryCard.swift */ = {isa = PBXFileReference; lastKnownFileType = sourcecode.swift; path = DiscoveryCard.swift; sourceTree = "<group>"; };
		C9380AC29718B8FA353B3FF2 /* AuthManagerTests.swift */ = {isa = PBXFileReference; lastKnownFileType = sourcecode.swift; path = AuthManagerTests.swift; sourceTree = "<group>"; };
		D82C2EA908ED34FDCA8EE86C /* LaughTrackTests.xctest */ = {isa = PBXFileReference; includeInIndex = 0; lastKnownFileType = wrapper.cfbundle; path = LaughTrackTests.xctest; sourceTree = BUILT_PRODUCTS_DIR; };
		DE90DE11FF14510C06890AB7 /* LaughTrackAPIClient.framework */ = {isa = PBXFileReference; explicitFileType = wrapper.framework; includeInIndex = 0; path = LaughTrackAPIClient.framework; sourceTree = BUILT_PRODUCTS_DIR; };
		DFD6F86573233BBC5DAFD03B /* Types.swift */ = {isa = PBXFileReference; lastKnownFileType = sourcecode.swift; path = Types.swift; sourceTree = "<group>"; };
		E34F7E79132A5EA5AA3552B4 /* AppTab.swift */ = {isa = PBXFileReference; lastKnownFileType = sourcecode.swift; path = AppTab.swift; sourceTree = "<group>"; };
		E6B2075FA65F8D0AEAF5531A /* URLHelpers.swift */ = {isa = PBXFileReference; lastKnownFileType = sourcecode.swift; path = URLHelpers.swift; sourceTree = "<group>"; };
		E8FF3C7F0664E4874C83A911 /* LaughTrackOfflineOperation.swift */ = {isa = PBXFileReference; lastKnownFileType = sourcecode.swift; path = LaughTrackOfflineOperation.swift; sourceTree = "<group>"; };
		EB66121B33E84052C0C4FE7C /* StateCards.swift */ = {isa = PBXFileReference; lastKnownFileType = sourcecode.swift; path = StateCards.swift; sourceTree = "<group>"; };
		EBE877FF9B9D76AAC6FFCBA7 /* Demo.swift */ = {isa = PBXFileReference; lastKnownFileType = sourcecode.swift; path = Demo.swift; sourceTree = "<group>"; };
		EC44E1E7ADFDC512DB784C72 /* ClubDetailView.swift */ = {isa = PBXFileReference; lastKnownFileType = sourcecode.swift; path = ClubDetailView.swift; sourceTree = "<group>"; };
		ECED0A3A8EEF5B333E588DB8 /* SettingsViewStateTests.swift */ = {isa = PBXFileReference; lastKnownFileType = sourcecode.swift; path = SettingsViewStateTests.swift; sourceTree = "<group>"; };
		EE6ED3B8ED09F12D8A03111F /* ServiceRegistrationTests.swift */ = {isa = PBXFileReference; lastKnownFileType = sourcecode.swift; path = ServiceRegistrationTests.swift; sourceTree = "<group>"; };
		EE87A12423AD71BAD9FAF368 /* LaughTrackLoginModalView.swift */ = {isa = PBXFileReference; lastKnownFileType = sourcecode.swift; path = LaughTrackLoginModalView.swift; sourceTree = "<group>"; };
		EEB123B3A5E6AEA324B240A1 /* MiddlewareIntegrationTestSupport.swift */ = {isa = PBXFileReference; lastKnownFileType = sourcecode.swift; path = MiddlewareIntegrationTestSupport.swift; sourceTree = "<group>"; };
		F1FCFA6135148D9C41CD49A8 /* SearchFieldInputBehavior.swift */ = {isa = PBXFileReference; lastKnownFileType = sourcecode.swift; path = SearchFieldInputBehavior.swift; sourceTree = "<group>"; };
		F2A090D0A39069956E88CB02 /* HostedViewTestSupport.swift */ = {isa = PBXFileReference; lastKnownFileType = sourcecode.swift; path = HostedViewTestSupport.swift; sourceTree = "<group>"; };
		F507D3C7B4E507D8FA307075 /* ShowDetailView.swift */ = {isa = PBXFileReference; lastKnownFileType = sourcecode.swift; path = ShowDetailView.swift; sourceTree = "<group>"; };
		F60457B9087B8C9B16952783 /* SettingsView.swift */ = {isa = PBXFileReference; lastKnownFileType = sourcecode.swift; path = SettingsView.swift; sourceTree = "<group>"; };
		F89AAF6B2F061BEDB66EB34A /* LibraryView.swift */ = {isa = PBXFileReference; lastKnownFileType = sourcecode.swift; path = LibraryView.swift; sourceTree = "<group>"; };
		F97636A6D9A525F2A93EEBBD /* LaughTrackComponents.swift */ = {isa = PBXFileReference; lastKnownFileType = sourcecode.swift; path = LaughTrackComponents.swift; sourceTree = "<group>"; };
		FA8627914216136279852602 /* LaughTrackThemeTests.swift */ = {isa = PBXFileReference; lastKnownFileType = sourcecode.swift; path = LaughTrackThemeTests.swift; sourceTree = "<group>"; };
		FABAAA0F26373401F6AE35A0 /* XTimezoneHeaderNormalizationMiddlewareTests.swift */ = {isa = PBXFileReference; lastKnownFileType = sourcecode.swift; path = XTimezoneHeaderNormalizationMiddlewareTests.swift; sourceTree = "<group>"; };
		FC9E6D2EAD36D7ADE1013D96 /* ClubsDiscoveryView.swift */ = {isa = PBXFileReference; lastKnownFileType = sourcecode.swift; path = ClubsDiscoveryView.swift; sourceTree = "<group>"; };
		FCA79C04AF80FA6D5C8B158C /* HomeNearbyDiscoverySection.swift */ = {isa = PBXFileReference; lastKnownFileType = sourcecode.swift; path = HomeNearbyDiscoverySection.swift; sourceTree = "<group>"; };
		FD44BB9E3449C773B60FE7A7 /* LaughTrackTheme.swift */ = {isa = PBXFileReference; lastKnownFileType = sourcecode.swift; path = LaughTrackTheme.swift; sourceTree = "<group>"; };
		FFF7EC3716232F6AB430AF80 /* Info.plist */ = {isa = PBXFileReference; lastKnownFileType = text.plist; path = Info.plist; sourceTree = "<group>"; };
/* End PBXFileReference section */

/* Begin PBXFrameworksBuildPhase section */
		482B25D7333DFD17289EA13D /* Frameworks */ = {
			isa = PBXFrameworksBuildPhase;
			buildActionMask = 2147483647;
			files = (
				42424F768696DC2F72FF6B9E /* LaughTrackBridge.framework in Frameworks */,
				2A9EAFCA45FFDC0AD0584880 /* LaughTrackAPIClient.framework in Frameworks */,
				A7FE5B69BD3BD476880ECE8A /* SharedKit in Frameworks */,
				FCE6374C437109388891027A /* APIClient in Frameworks */,
				1735C9271E7A5DEED56422ED /* OpenAPIRuntime in Frameworks */,
				C385816EB40B0E60FD8350AD /* HTTPTypes in Frameworks */,
				0C145C2A445386A99C1A41E1 /* OpenAPIURLSession in Frameworks */,
			);
			runOnlyForDeploymentPostprocessing = 0;
		};
		79CB179671AEFAFA805BEAD0 /* Frameworks */ = {
			isa = PBXFrameworksBuildPhase;
			buildActionMask = 2147483647;
			files = (
				94487F196E7F1E52967A3AB0 /* LaughTrackCore.framework in Frameworks */,
				FEA7B9F292F79DD9E58A7F6A /* LaughTrackBridge.framework in Frameworks */,
				B5FC8176CE8E0E5C21F62C33 /* LaughTrackAPIClient.framework in Frameworks */,
				1D29846232BE8B601CF6C991 /* SharedKit in Frameworks */,
				1C7768661C5CFBBC6AA1D19A /* APIClient in Frameworks */,
				10F4B6790860867934B334F8 /* OpenAPIRuntime in Frameworks */,
				5518B3838A0551BE0358E7FA /* HTTPTypes in Frameworks */,
				739A95D851F561B8547F9395 /* OpenAPIURLSession in Frameworks */,
			);
			runOnlyForDeploymentPostprocessing = 0;
		};
		92D2090F1E8B1B0DF1A8E2F5 /* Frameworks */ = {
			isa = PBXFrameworksBuildPhase;
			buildActionMask = 2147483647;
			files = (
				3B4C42AA261FA51B09A35541 /* SharedKit in Frameworks */,
			);
			runOnlyForDeploymentPostprocessing = 0;
		};
		C66B494C2F2DD7A537BBFF3F /* Frameworks */ = {
			isa = PBXFrameworksBuildPhase;
			buildActionMask = 2147483647;
			files = (
				A24095B90BCF6912A7533AED /* APIClient in Frameworks */,
				FA4FC7D3B905C1516EFDFED2 /* OpenAPIRuntime in Frameworks */,
				D8230A7E91161475D358210D /* HTTPTypes in Frameworks */,
			);
			runOnlyForDeploymentPostprocessing = 0;
		};
		F6D23797E54D83423BF5CAA8 /* Frameworks */ = {
			isa = PBXFrameworksBuildPhase;
			buildActionMask = 2147483647;
			files = (
				D9DE226178A12B65ADAEDC5A /* LaughTrackCore.framework in Frameworks */,
				C843E624627FED8F6B6195FC /* LaughTrackBridge.framework in Frameworks */,
				725123B701491B774F14F4B9 /* LaughTrackAPIClient.framework in Frameworks */,
				DF7B126737E6860FED878A59 /* SharedKit in Frameworks */,
				AD5A4B33897A9BDF49530E6F /* APIClient in Frameworks */,
				897916F73DECAD5C678A2269 /* OpenAPIRuntime in Frameworks */,
				255083D6293B5C6A330E0A97 /* HTTPTypes in Frameworks */,
			);
			runOnlyForDeploymentPostprocessing = 0;
		};
/* End PBXFrameworksBuildPhase section */

/* Begin PBXGroup section */
		0BB4CE2DAD4ACE080C47B71A /* LaughTrackTests */ = {
			isa = PBXGroup;
			children = (
				3F5A63806BF28FA2458ABDA5 /* APIZipLocationResolverTests.swift */,
				A193324FDADD4539F7514E44 /* AppShellViewTests.swift */,
				BD9FBF9E6CD8A67F17A979D0 /* AuthManagerSignOutIntegrationTests.swift */,
				C9380AC29718B8FA353B3FF2 /* AuthManagerTests.swift */,
				A6828B86711E4F3F8219EEE5 /* ClubDetailViewTests.swift */,
				4F6241EF98C5364C9ADF43F1 /* ComedianDetailViewTests.swift */,
				B7DFA8DEA5A7A187DDF42A01 /* ComedianFavoriteStoreTests.swift */,
				10BDD51643814940674250AA /* ContentViewNavigationTests.swift */,
				0F4233943B1264FC9441BD6C /* DetailFetchSupportTests.swift */,
				1A9A2BE7EB1ACA27F65E10C5 /* EntityDataFlowTests.swift */,
				B9A5892A66D03149C905170F /* HomeFavoriteShowsRailTests.swift */,
				328F12C707EF4EC81785C09D /* HomeHeroHeaderTests.swift */,
				6E599CC70AC17C3B34F045FE /* HomeNearbyDiscoveryModelTests.swift */,
				5984C96F90F11803C896B6D2 /* HostedViewDumpTreeTests.swift */,
				F2A090D0A39069956E88CB02 /* HostedViewTestSupport.swift */,
				392FD90AD816C46171226847 /* LaughTrackBrowseComponentsTests.swift */,
				847B300414E0F1BA6011DA7B /* LaughTrackTests.swift */,
				FA8627914216136279852602 /* LaughTrackThemeTests.swift */,
				7436912FD34C53C36498E5EF /* LibraryFavoritesViewTests.swift */,
				9DCCCE4F2A5D080DC2574451 /* LibraryViewTests.swift */,
				EEB123B3A5E6AEA324B240A1 /* MiddlewareIntegrationTestSupport.swift */,
				C2BF672FCBD4D1FC71AC695A /* NearbyLocationControllerTests.swift */,
				1F7744758B0F2196DFF05F32 /* NearbyPreferenceStoreTests.swift */,
				08CEF5393B8FF037B2C6A9FF /* ProfileViewBranchingTests.swift */,
				AF110C4D6F9495746B88F926 /* ProfileViewTests.swift */,
				90B6537DBFBB91D1848405D7 /* SearchRootViewTests.swift */,
				EE6ED3B8ED09F12D8A03111F /* ServiceRegistrationTests.swift */,
				ECED0A3A8EEF5B333E588DB8 /* SettingsViewStateTests.swift */,
				B4E1670E2DC2AFEA73AB1A3E /* ShowDetailViewTests.swift */,
				9170739BCDBB962D8D115F8B /* StubClientTransport.swift */,
				B790E6CA653AB5CC278F718D /* StubLocationResolvers.swift */,
				B77565DFAF90D74AC5F8DECF /* TestResolverStubs.swift */,
				3700564FAB149798B936D4CC /* TokenRefreshMiddlewareIntegrationTests.swift */,
				FABAAA0F26373401F6AE35A0 /* XTimezoneHeaderNormalizationMiddlewareTests.swift */,
			);
			path = LaughTrackTests;
			sourceTree = "<group>";
		};
		11CB7D3C335525FFE3629FA9 /* LaughTrackBridge */ = {
			isa = PBXGroup;
			children = (
				AD130C65850C7623AC95788F /* LaughTrackBridge.swift */,
				FD44BB9E3449C773B60FE7A7 /* LaughTrackTheme.swift */,
			);
			name = LaughTrackBridge;
			path = Sources/LaughTrackBridge;
			sourceTree = "<group>";
		};
		11F9247338DEC8E7194A0ABB /* Views */ = {
			isa = PBXGroup;
			children = (
				FC9E6D2EAD36D7ADE1013D96 /* ClubsDiscoveryView.swift */,
				253B49BBBF819450AC9E778A /* ComediansDiscoveryView.swift */,
				BD8C61D54D21DB28D76A55E0 /* ShowsDiscoveryView.swift */,
			);
			path = Views;
			sourceTree = "<group>";
		};
		128171BAA2315C03D16AE987 /* Models */ = {
			isa = PBXGroup;
			children = (
				75F533C73971C1F2F36A83BC /* HomeNearbyDiscoveryModel.swift */,
			);
			path = Models;
			sourceTree = "<group>";
		};
		15820ADD71A1FB1F5F151DC1 /* Models */ = {
			isa = PBXGroup;
			children = (
				1384478A2C1BDEDDA8C64200 /* DetailModels.swift */,
			);
			path = Models;
			sourceTree = "<group>";
		};
		17E2A602DDF73C36DE13EA45 /* Views */ = {
			isa = PBXGroup;
			children = (
				EC44E1E7ADFDC512DB784C72 /* ClubDetailView.swift */,
				373E44114089F7B2E6F7B524 /* ComedianDetailView.swift */,
				F507D3C7B4E507D8FA307075 /* ShowDetailView.swift */,
			);
			path = Views;
			sourceTree = "<group>";
		};
		3EB9EE628EE74E8B8BAB55C2 /* Settings */ = {
			isa = PBXGroup;
			children = (
				B705EA400FAD98C582CD61E6 /* SavedFavoritesSection.swift */,
				F60457B9087B8C9B16952783 /* SettingsView.swift */,
			);
			path = Settings;
			sourceTree = "<group>";
		};
		43950B4019193E7B51DA39C4 /* LaughTrackAPIClient */ = {
			isa = PBXGroup;
			children = (
				98FC93EDB4A27FDCCB09F568 /* LaughTrackAPIClient.swift */,
				56BB11037BEA2651163AA65A /* GeneratedSources */,
			);
			name = LaughTrackAPIClient;
			path = Sources/LaughTrackAPIClient;
			sourceTree = "<group>";
		};
		45B8672F75E839F8520DD760 /* Auth */ = {
			isa = PBXGroup;
			children = (
				23C754F57E247ED20F9C3291 /* AuthenticatedUser.swift */,
				427388AED0335B0C7AC80040 /* AuthManager.swift */,
				613A6C65D3E6FDBC1FEE04C5 /* AuthProvider.swift */,
				585D8619C93C9C77641450CD /* AuthRouteConfiguration.swift */,
				9F1CE5B8D82B0C6436FA4869 /* OAuthSessionRunner.swift */,
				92337F6B1144FEF54810C74C /* UnauthorizedResponseMiddleware.swift */,
			);
			path = Auth;
			sourceTree = "<group>";
		};
		48A1C8253AED9F441B4B02FA /* LaughTrackCore */ = {
			isa = PBXGroup;
			children = (
				B534BFFF719C94C2A0D86C6D /* APIVersionPathMiddleware.swift */,
				8510FB22DBE58FC68078455A /* AppBootstrap.swift */,
				84C5C5FE44DB9A0D821C72AD /* AppConfiguration.swift */,
				5B1037EF95781CD7B17928EB /* ComedianFavoriteStore.swift */,
				30BC17288637FF61B8F14864 /* CurrentLocationZipResolver.swift */,
				0A4A91F43782F9FDA4187D3F /* LaughTrackCacheKey.swift */,
				E8FF3C7F0664E4874C83A911 /* LaughTrackOfflineOperation.swift */,
				43EE3334A9C17B5E93FDB4F4 /* LoadFailure.swift */,
				498BFB68E6063E822195D27C /* NearbyLocationController.swift */,
				92A8166F55F78405CB41E328 /* NearbyPreferenceStore.swift */,
				0E463D5C04287DCD22E50CB4 /* ServiceRegistration.swift */,
				1CA1C8E0B073FCE3484E62AB /* XTimezoneHeaderNormalizationMiddleware.swift */,
				561D473C1C08608F79C5271E /* ZipLocationResolver.swift */,
				45B8672F75E839F8520DD760 /* Auth */,
			);
			name = LaughTrackCore;
			path = Sources/LaughTrackCore;
			sourceTree = "<group>";
		};
		4912D91429873852372DFFCF = {
			isa = PBXGroup;
			children = (
				43950B4019193E7B51DA39C4 /* LaughTrackAPIClient */,
				60D274A90614E6596D6F336D /* LaughTrackApp */,
				11CB7D3C335525FFE3629FA9 /* LaughTrackBridge */,
				48A1C8253AED9F441B4B02FA /* LaughTrackCore */,
				8EB150A6A4FC547F0915F95F /* Resources */,
				D65543612003A38D124A722F /* Tests */,
				D8FE5A1E404D541E9C145D48 /* Products */,
			);
			sourceTree = "<group>";
		};
		56BB11037BEA2651163AA65A /* GeneratedSources */ = {
			isa = PBXGroup;
			children = (
				2AE66AEEC26F743787CDC4EE /* Client.swift */,
				DFD6F86573233BBC5DAFD03B /* Types.swift */,
			);
			path = GeneratedSources;
			sourceTree = "<group>";
		};
		60D274A90614E6596D6F336D /* LaughTrackApp */ = {
			isa = PBXGroup;
			children = (
				1C6A228D912DFFE3A74A36BB /* AppRoute.swift */,
				B5E043BF19430E526D649ECA /* AppShellView.swift */,
				E34F7E79132A5EA5AA3552B4 /* AppTab.swift */,
				A6A4759E6DB08350C5ADD176 /* ContentView.swift */,
				8BF2B88CE4154BD479271AA7 /* EntityDataFlow.swift */,
				FFF7EC3716232F6AB430AF80 /* Info.plist */,
				281FB22CC5183EF10EE60C01 /* LaughTrackApp.swift */,
				EE87A12423AD71BAD9FAF368 /* LaughTrackLoginModalView.swift */,
				F89AAF6B2F061BEDB66EB34A /* LibraryView.swift */,
				05DDCB75107CBE67C0FD9CEB /* LoginModalPresenter.swift */,
				013C30ED4B343F94BCD7B193 /* ProfileView.swift */,
				9978F45A4571629632A092FF /* SearchRootModel.swift */,
				22E3FEC26FAACA575C943CBF /* SearchRootView.swift */,
				63D7F33D5271A2088860E6D2 /* Components */,
				972D4E3777C6BD77ECF7577D /* DesignSystem */,
				FCFB75BBE3886CADFE2D1E0F /* Detail */,
				D646B65A5A2F9F6D6770A4BC /* Home */,
				CC267A765E2B06DAA29A04DC /* Search */,
			);
			name = LaughTrackApp;
			path = Sources/LaughTrackApp;
			sourceTree = "<group>";
		};
		63D7F33D5271A2088860E6D2 /* Components */ = {
			isa = PBXGroup;
			children = (
				8E0F869A9A6680470A122B0B /* AuthLoadingView.swift */,
				EBE877FF9B9D76AAC6FFCBA7 /* Demo.swift */,
				C64E7D37B825D2EB605C8EB2 /* DiscoveryCard.swift */,
				A8BA3B55591C23E4463A3C08 /* FavoriteButton.swift */,
				59B97BD6A9A65CD575EA8F07 /* LaughTrackNavigationChrome.swift */,
				BE1705A025843D670B80F480 /* LoadMoreButton.swift */,
				F1FCFA6135148D9C41CD49A8 /* SearchFieldInputBehavior.swift */,
				01E967C8A3F78A8A5226D2AA /* ShowFormatting.swift */,
				9ACD82EBB1E7139CBE01CC82 /* ShowRow.swift */,
				EB66121B33E84052C0C4FE7C /* StateCards.swift */,
				E6B2075FA65F8D0AEAF5531A /* URLHelpers.swift */,
				3EB9EE628EE74E8B8BAB55C2 /* Settings */,
			);
			path = Components;
			sourceTree = "<group>";
		};
		6AFE12A691C0A42912D6CB4A /* Components */ = {
			isa = PBXGroup;
			children = (
				2999A21D7D46B9697EEAB62F /* HomeSearchEntryCard.swift */,
				B2A24C1071F5E8BF76882EC9 /* SessionBannerCard.swift */,
			);
			path = Components;
			sourceTree = "<group>";
		};
		7896538853E7B419BE8FD1FB /* Components */ = {
			isa = PBXGroup;
			children = (
				B567539F4B8C5140CCA80BFC /* SearchField.swift */,
			);
			path = Components;
			sourceTree = "<group>";
		};
		8EB150A6A4FC547F0915F95F /* Resources */ = {
			isa = PBXGroup;
			children = (
				412E08B18318996CA4DB94CD /* Assets.xcassets */,
			);
			path = Resources;
			sourceTree = "<group>";
		};
		972D4E3777C6BD77ECF7577D /* DesignSystem */ = {
			isa = PBXGroup;
			children = (
				50E74EE4E67E5475B4FDB8BA /* LaughTrackBrowseComponents.swift */,
				F97636A6D9A525F2A93EEBBD /* LaughTrackComponents.swift */,
			);
			path = DesignSystem;
			sourceTree = "<group>";
		};
		9E8A9437526C14E5B43EEAC6 /* Views */ = {
			isa = PBXGroup;
			children = (
				FCA79C04AF80FA6D5C8B158C /* HomeNearbyDiscoverySection.swift */,
				42E7556F23D24DC31A2A1FF1 /* HomeView.swift */,
			);
			path = Views;
			sourceTree = "<group>";
		};
		CC267A765E2B06DAA29A04DC /* Search */ = {
			isa = PBXGroup;
			children = (
				7896538853E7B419BE8FD1FB /* Components */,
				D99E5BB56AF5B977FA83E6D2 /* Models */,
				11F9247338DEC8E7194A0ABB /* Views */,
			);
			path = Search;
			sourceTree = "<group>";
		};
		D646B65A5A2F9F6D6770A4BC /* Home */ = {
			isa = PBXGroup;
			children = (
				6AFE12A691C0A42912D6CB4A /* Components */,
				128171BAA2315C03D16AE987 /* Models */,
				9E8A9437526C14E5B43EEAC6 /* Views */,
			);
			path = Home;
			sourceTree = "<group>";
		};
		D65543612003A38D124A722F /* Tests */ = {
			isa = PBXGroup;
			children = (
				0BB4CE2DAD4ACE080C47B71A /* LaughTrackTests */,
			);
			path = Tests;
			sourceTree = "<group>";
		};
		D8FE5A1E404D541E9C145D48 /* Products */ = {
			isa = PBXGroup;
			children = (
				8D4BF4FCA9AD4D3056F0DF97 /* LaughTrack.app */,
				DE90DE11FF14510C06890AB7 /* LaughTrackAPIClient.framework */,
				20552640F544D4395DE585B7 /* LaughTrackBridge.framework */,
				8EA13D0C5CA2F5439E19E122 /* LaughTrackCore.framework */,
				D82C2EA908ED34FDCA8EE86C /* LaughTrackTests.xctest */,
			);
			name = Products;
			sourceTree = "<group>";
		};
		D99E5BB56AF5B977FA83E6D2 /* Models */ = {
			isa = PBXGroup;
			children = (
				11D1764946AE444ED9B200C5 /* ClubsDiscoveryModel.swift */,
				787B72EABFD79CFD44CEF1A1 /* ComediansDiscoveryModel.swift */,
				41925ABE34C9D35C075C67AA /* SearchOptions.swift */,
				9E2C00B3ADBB171919FC3B6D /* ShowsDiscoveryModel.swift */,
			);
			path = Models;
			sourceTree = "<group>";
		};
		FCFB75BBE3886CADFE2D1E0F /* Detail */ = {
			isa = PBXGroup;
			children = (
				FE1BA9AF21689AE4B5AEE96F /* Components */,
				15820ADD71A1FB1F5F151DC1 /* Models */,
				17E2A602DDF73C36DE13EA45 /* Views */,
			);
			path = Detail;
			sourceTree = "<group>";
		};
		FE1BA9AF21689AE4B5AEE96F /* Components */ = {
			isa = PBXGroup;
			children = (
				A8F8A66AB1B210569977A53D /* ComedianLineupRow.swift */,
				C32660C7210ED82ACF6884F4 /* DetailHero.swift */,
				1DD4E55D9ECB947F114CB992 /* DetailInfoCards.swift */,
				362FB74E179068F3F3E96CB7 /* DetailLinkCard.swift */,
				9E46EEC347F8101FE9686C69 /* RemoteImageView.swift */,
				62A614797CE26BEE8EE86818 /* SocialLinkSection.swift */,
			);
			path = Components;
			sourceTree = "<group>";
		};
/* End PBXGroup section */

/* Begin PBXNativeTarget section */
		2F7ACF39895DFE26E41CFC10 /* LaughTrackTests */ = {
			isa = PBXNativeTarget;
			buildConfigurationList = A8653530A94222823452BEFD /* Build configuration list for PBXNativeTarget "LaughTrackTests" */;
			buildPhases = (
				EBC1E8E02788E81D6404E15C /* Sources */,
				F6D23797E54D83423BF5CAA8 /* Frameworks */,
				3FDE1400558C4A8F25BB2BB6 /* Embed Frameworks */,
			);
			buildRules = (
			);
			dependencies = (
				81D5797205A283B34A4D5911 /* PBXTargetDependency */,
				36CEE3FB350A8A142FB9CFA5 /* PBXTargetDependency */,
				898AD46BD36E55149B35E7BB /* PBXTargetDependency */,
				E838E2789CD3D7FEE881DF8F /* PBXTargetDependency */,
			);
			name = LaughTrackTests;
			packageProductDependencies = (
				F6CD43913E8654A6A6A90389 /* SharedKit */,
				362B635800535696613C37C8 /* APIClient */,
				71C12428379E58C843E61BF8 /* OpenAPIRuntime */,
				5065622ECA00D55918B63F96 /* HTTPTypes */,
			);
			productName = LaughTrackTests;
			productReference = D82C2EA908ED34FDCA8EE86C /* LaughTrackTests.xctest */;
			productType = "com.apple.product-type.bundle.unit-test";
		};
		588031D52FEC00A9869B0CEE /* LaughTrackCore */ = {
			isa = PBXNativeTarget;
			buildConfigurationList = C3CCC0DA0091A65842FA721E /* Build configuration list for PBXNativeTarget "LaughTrackCore" */;
			buildPhases = (
				B120EC8169CC39A2AA2CB9F9 /* Sources */,
				482B25D7333DFD17289EA13D /* Frameworks */,
			);
			buildRules = (
			);
			dependencies = (
				B63D2D76FF3BFDDBC0C61599 /* PBXTargetDependency */,
				7EF6497A1E6D61ADD11A29C3 /* PBXTargetDependency */,
			);
			name = LaughTrackCore;
			packageProductDependencies = (
				3FBC80AB90A17D8FC359C686 /* SharedKit */,
				A03EAB9E918EB12670D345CD /* APIClient */,
				6AF9C434C99637FEA0F1C1FF /* OpenAPIRuntime */,
				F840714F147704B940EFAC06 /* HTTPTypes */,
				5DCCCA95DB28A342FFAAEC81 /* OpenAPIURLSession */,
			);
			productName = LaughTrackCore;
			productReference = 8EA13D0C5CA2F5439E19E122 /* LaughTrackCore.framework */;
			productType = "com.apple.product-type.framework";
		};
		B8EDA9FFB6021A3EABF2DF1D /* LaughTrackAPIClient */ = {
			isa = PBXNativeTarget;
			buildConfigurationList = EECC49F0AA286549A16335EA /* Build configuration list for PBXNativeTarget "LaughTrackAPIClient" */;
			buildPhases = (
				8F1D74B5B6A30145EBD326B3 /* Sources */,
				C66B494C2F2DD7A537BBFF3F /* Frameworks */,
			);
			buildRules = (
			);
			dependencies = (
			);
			name = LaughTrackAPIClient;
			packageProductDependencies = (
				835B2849E1649BAD8DA6A0F9 /* APIClient */,
				4472C700BD5B0922771D56BB /* OpenAPIRuntime */,
				02C7C5A65A09BD0E6A833275 /* HTTPTypes */,
			);
			productName = LaughTrackAPIClient;
			productReference = DE90DE11FF14510C06890AB7 /* LaughTrackAPIClient.framework */;
			productType = "com.apple.product-type.framework";
		};
		D19CF0218A59D603BE1AE54D /* LaughTrackBridge */ = {
			isa = PBXNativeTarget;
			buildConfigurationList = 055AAE6E4FAC82177905CE0A /* Build configuration list for PBXNativeTarget "LaughTrackBridge" */;
			buildPhases = (
				F11522F45315A81A3251F867 /* Sources */,
				92D2090F1E8B1B0DF1A8E2F5 /* Frameworks */,
			);
			buildRules = (
			);
			dependencies = (
			);
			name = LaughTrackBridge;
			packageProductDependencies = (
				B5CF312989F6114779A9309B /* SharedKit */,
			);
			productName = LaughTrackBridge;
			productReference = 20552640F544D4395DE585B7 /* LaughTrackBridge.framework */;
			productType = "com.apple.product-type.framework";
		};
		E407829409969471735EAA0F /* LaughTrack */ = {
			isa = PBXNativeTarget;
			buildConfigurationList = 8554C3F4C5FA71D5F8D90DA5 /* Build configuration list for PBXNativeTarget "LaughTrack" */;
			buildPhases = (
				08CC6FAA7FD758ED8CC803EC /* Sources */,
				BB6E4AE57D6B2801E1F53FA4 /* Resources */,
				79CB179671AEFAFA805BEAD0 /* Frameworks */,
				FCB232C13A5BE6125D562EF3 /* Embed Frameworks */,
			);
			buildRules = (
			);
			dependencies = (
				1E5F32AB6B0EC2C9D6C1D4B8 /* PBXTargetDependency */,
				53769A04FC0E5A64BAFAE5BA /* PBXTargetDependency */,
				D6314ADF457256542AF9F2D1 /* PBXTargetDependency */,
			);
			name = LaughTrack;
			packageProductDependencies = (
				4BE52EFE6EC3A2B61C652F82 /* SharedKit */,
				840EC01CEF9D9E447C26CF81 /* APIClient */,
				8780AC234414FC21BE50A118 /* OpenAPIRuntime */,
				3EE680D7B2961BCF494CE024 /* HTTPTypes */,
				61CB6BEBA8E2ACC482982705 /* OpenAPIURLSession */,
			);
			productName = LaughTrack;
			productReference = 8D4BF4FCA9AD4D3056F0DF97 /* LaughTrack.app */;
			productType = "com.apple.product-type.application";
		};
/* End PBXNativeTarget section */

/* Begin PBXProject section */
		5FB0ADAB0EB091F9D35AAAFB /* Project object */ = {
			isa = PBXProject;
			attributes = {
				BuildIndependentTargetsInParallel = YES;
				LastUpgradeCheck = 2630;
			};
			buildConfigurationList = E610BD18D15E206C16429595 /* Build configuration list for PBXProject "LaughTrack" */;
			compatibilityVersion = "Xcode 14.0";
			developmentRegion = en;
			hasScannedForEncodings = 0;
			knownRegions = (
				Base,
				en,
			);
			mainGroup = 4912D91429873852372DFFCF;
			minimizedProjectReferenceProxies = 1;
			packageReferences = (
				043017419D5BF7055F628F43 /* XCRemoteSwiftPackageReference "ios-libs" */,
				A218FFDB29FEA859746F3235 /* XCRemoteSwiftPackageReference "swift-http-types" */,
				84B17814638981A8256A1360 /* XCRemoteSwiftPackageReference "swift-openapi-runtime" */,
				C12B3CB9CCBB3E72413D024E /* XCRemoteSwiftPackageReference "swift-openapi-urlsession" */,
			);
			preferredProjectObjectVersion = 77;
			projectDirPath = "";
			projectRoot = "";
			targets = (
				E407829409969471735EAA0F /* LaughTrack */,
				B8EDA9FFB6021A3EABF2DF1D /* LaughTrackAPIClient */,
				D19CF0218A59D603BE1AE54D /* LaughTrackBridge */,
				588031D52FEC00A9869B0CEE /* LaughTrackCore */,
				2F7ACF39895DFE26E41CFC10 /* LaughTrackTests */,
			);
		};
/* End PBXProject section */

/* Begin PBXResourcesBuildPhase section */
		BB6E4AE57D6B2801E1F53FA4 /* Resources */ = {
			isa = PBXResourcesBuildPhase;
			buildActionMask = 2147483647;
			files = (
				41DC07457C594E4BA82A70E8 /* Assets.xcassets in Resources */,
			);
			runOnlyForDeploymentPostprocessing = 0;
		};
/* End PBXResourcesBuildPhase section */

/* Begin PBXSourcesBuildPhase section */
		08CC6FAA7FD758ED8CC803EC /* Sources */ = {
			isa = PBXSourcesBuildPhase;
			buildActionMask = 2147483647;
			files = (
				92F47B2CCCE1D1296F3AE7BD /* AppRoute.swift in Sources */,
				7BF5BA4980BD8A9267682209 /* AppShellView.swift in Sources */,
				9009C5A81846DBC1B9A15358 /* AppTab.swift in Sources */,
				B6400391B2D887C2DD9E88EB /* AuthLoadingView.swift in Sources */,
				3B430DA4BB446FE59C018E9B /* ClubDetailView.swift in Sources */,
				511FC6C382C4400C100D1495 /* ClubsDiscoveryModel.swift in Sources */,
				1A5D6FCCE03D590C5CA528A7 /* ClubsDiscoveryView.swift in Sources */,
				5C3CAA72E332C5CE372BEA93 /* ComedianDetailView.swift in Sources */,
				216AB2C6394A55C617E14E89 /* ComedianLineupRow.swift in Sources */,
				AAC32768797F7C1F1406447A /* ComediansDiscoveryModel.swift in Sources */,
				8D81806CD0D225EBF53B6513 /* ComediansDiscoveryView.swift in Sources */,
				6EED35E475AD78DA03A3F5C7 /* ContentView.swift in Sources */,
				464D53193F4769A1BD73A7A3 /* Demo.swift in Sources */,
				5FECACC3A16CCB6448BADCF3 /* DetailHero.swift in Sources */,
				884190B0394B80832A06DEF7 /* DetailInfoCards.swift in Sources */,
				181A795B85D01A9F67BB546F /* DetailLinkCard.swift in Sources */,
				EE218D2A45B07D5449EC7E61 /* DetailModels.swift in Sources */,
				ABDEA32E11841DE7E6497603 /* DiscoveryCard.swift in Sources */,
				9ECD9CBBBF4146F96875CF95 /* EntityDataFlow.swift in Sources */,
				CF5C6C3A8C12A2BAFC1FBFD3 /* FavoriteButton.swift in Sources */,
				3A45CC6A945A1F71531A0E62 /* HomeNearbyDiscoveryModel.swift in Sources */,
				7CE7ED289811B42C1D2028E1 /* HomeNearbyDiscoverySection.swift in Sources */,
				EE525E53789A1438164BC4C0 /* HomeSearchEntryCard.swift in Sources */,
				7DEAA1E601E0164C5678D6FC /* HomeView.swift in Sources */,
				1D2E87B73739EA1A7023E9E2 /* LaughTrackApp.swift in Sources */,
				1FDB4B4BA0CCBABE3BEE1021 /* LaughTrackBrowseComponents.swift in Sources */,
				F07B8BFA93C29AAB9929748A /* LaughTrackComponents.swift in Sources */,
				3A87DFE2E185644A17460C44 /* LaughTrackLoginModalView.swift in Sources */,
				B8C85860DFEDE38D9667F5EA /* LaughTrackNavigationChrome.swift in Sources */,
				B02B4C039B49D16147102DC7 /* LibraryView.swift in Sources */,
				10C17E3364E441F0ECE602AC /* LoadMoreButton.swift in Sources */,
				E93AC12CEAD43C483B38B4F5 /* LoginModalPresenter.swift in Sources */,
				41F25FA51A32EFBC75B3B7B7 /* ProfileView.swift in Sources */,
				A8E2681C829D7689D6BA9CB0 /* RemoteImageView.swift in Sources */,
				B3519F018193141EFCBCDDB2 /* SavedFavoritesSection.swift in Sources */,
				3F8E5733305A73D0F92BD5C6 /* SearchField.swift in Sources */,
				03DB03946EACB4EC3CC920AD /* SearchFieldInputBehavior.swift in Sources */,
				02F5292558288AB4FA3DE54E /* SearchOptions.swift in Sources */,
				8873B3618E229562016FB042 /* SearchRootModel.swift in Sources */,
				6ABEE832F9DD11A82D34B73C /* SearchRootView.swift in Sources */,
				D122A8C095CAFEAFAF6ECC91 /* SessionBannerCard.swift in Sources */,
				0DBECBC1FA1CFDE59C565D34 /* SettingsView.swift in Sources */,
				C6BDC552CA2E02C18B2C5F2E /* ShowDetailView.swift in Sources */,
				97A64E347CF2AF2280EFA9A2 /* ShowFormatting.swift in Sources */,
				D2E096BC01B6363AC5C2DCBC /* ShowRow.swift in Sources */,
				59D54B2C3A5ED9E1E0A54795 /* ShowsDiscoveryModel.swift in Sources */,
				AEA74D84F41D31324D1B0E81 /* ShowsDiscoveryView.swift in Sources */,
				87BB93C5742E9FAAEB4296E2 /* SocialLinkSection.swift in Sources */,
				7C144BFBEBBC56DE3D32FB32 /* StateCards.swift in Sources */,
				DCF255F920A82556C2EEF714 /* URLHelpers.swift in Sources */,
			);
			runOnlyForDeploymentPostprocessing = 0;
		};
		8F1D74B5B6A30145EBD326B3 /* Sources */ = {
			isa = PBXSourcesBuildPhase;
			buildActionMask = 2147483647;
			files = (
				0E0EE5D3C981B00E1290F2FD /* Client.swift in Sources */,
				91F5129BA47F8724B27E8BF2 /* LaughTrackAPIClient.swift in Sources */,
				84583D2BFAB07ACA108C3CFA /* Types.swift in Sources */,
			);
			runOnlyForDeploymentPostprocessing = 0;
		};
		B120EC8169CC39A2AA2CB9F9 /* Sources */ = {
			isa = PBXSourcesBuildPhase;
			buildActionMask = 2147483647;
			files = (
				9F699E60A40D89F8C4A837CF /* APIVersionPathMiddleware.swift in Sources */,
				E2889930BEDFE54F911EC6D1 /* AppBootstrap.swift in Sources */,
				0FC8D86160FD6351D3956617 /* AppConfiguration.swift in Sources */,
				6345F1EA9EAEA2507D01175F /* AuthManager.swift in Sources */,
				03E5C3A13E13A63EDE0F87A0 /* AuthProvider.swift in Sources */,
				79980C10F2F4DC91F9EAED6E /* AuthRouteConfiguration.swift in Sources */,
				E53D9089F62B10F23F0FEE0F /* AuthenticatedUser.swift in Sources */,
				34EBD60458D84264A2254D4D /* ComedianFavoriteStore.swift in Sources */,
				F3010080CDE3E66A512F6423 /* CurrentLocationZipResolver.swift in Sources */,
				2FDC04B26C9E078C0855E7FF /* LaughTrackCacheKey.swift in Sources */,
				1B95B72A52E55A1521A3914B /* LaughTrackOfflineOperation.swift in Sources */,
				CD180351B0B6171228503509 /* LoadFailure.swift in Sources */,
				E3DDB8037254DC0B356EBBEB /* NearbyLocationController.swift in Sources */,
				8A3AE319974FC54ABCE52FB2 /* NearbyPreferenceStore.swift in Sources */,
				38D7CA0826C7E00A4113ABA9 /* OAuthSessionRunner.swift in Sources */,
				F9868C97E0278D3313F4DE79 /* ServiceRegistration.swift in Sources */,
				3CEBAA68984331D050F4088C /* UnauthorizedResponseMiddleware.swift in Sources */,
				3BAF38CEEE908DDC0D8941E9 /* XTimezoneHeaderNormalizationMiddleware.swift in Sources */,
				A5F9E58A11CD1BCCC4CEB7A1 /* ZipLocationResolver.swift in Sources */,
			);
			runOnlyForDeploymentPostprocessing = 0;
		};
		EBC1E8E02788E81D6404E15C /* Sources */ = {
			isa = PBXSourcesBuildPhase;
			buildActionMask = 2147483647;
			files = (
				39AD5B489122169B7FDCAE19 /* APIZipLocationResolverTests.swift in Sources */,
				E86AD6D732F103EEFEDE11C2 /* AppShellViewTests.swift in Sources */,
				F2F81216C8A86112F5D53B3D /* AuthManagerSignOutIntegrationTests.swift in Sources */,
				3B71F1B7EA08781B00BB37C3 /* AuthManagerTests.swift in Sources */,
				19EC027AFC1CFE299CA2976B /* ClubDetailViewTests.swift in Sources */,
				CF2D1462F9F8A2ABF8163B42 /* ComedianDetailViewTests.swift in Sources */,
				751A527C1B22183FBA02767E /* ComedianFavoriteStoreTests.swift in Sources */,
				E719E86933DE95517DEC247A /* ContentViewNavigationTests.swift in Sources */,
				BF22056DCD1C27CBFAFAAF11 /* DetailFetchSupportTests.swift in Sources */,
				69B7A099BA643750CFE54512 /* EntityDataFlowTests.swift in Sources */,
				F80B120EE62E089ED0A9403B /* HomeFavoriteShowsRailTests.swift in Sources */,
				DA291F923EC7BD8D3C171614 /* HomeHeroHeaderTests.swift in Sources */,
				3C04CC92EAE644A28B724B92 /* HomeNearbyDiscoveryModelTests.swift in Sources */,
				7170F0CD6E2E66D3E13E260D /* HostedViewDumpTreeTests.swift in Sources */,
				8106A1BA0F8DA2BFFE165D2B /* HostedViewTestSupport.swift in Sources */,
				DB42ABFE9CEFC0D3D27C17ED /* LaughTrackBrowseComponentsTests.swift in Sources */,
				81080CF76CF34AE7689E0E15 /* LaughTrackTests.swift in Sources */,
				32A5E020FCE38B5DB95F3150 /* LaughTrackThemeTests.swift in Sources */,
				497B1B88853BE206736ADEFC /* LibraryFavoritesViewTests.swift in Sources */,
				50B7B8939830138B1D3D7FDF /* LibraryViewTests.swift in Sources */,
				FDB334A4E9D26AA5BB986002 /* MiddlewareIntegrationTestSupport.swift in Sources */,
				87A52A26C28E621FFF07B848 /* NearbyLocationControllerTests.swift in Sources */,
				EC250092710CB355D3BF3A08 /* NearbyPreferenceStoreTests.swift in Sources */,
				EDF1D1D2E2EF030AE5B57451 /* ProfileViewBranchingTests.swift in Sources */,
				6E26430B88F35A8B1BB17F31 /* ProfileViewTests.swift in Sources */,
				1E02A267A51AA495C1E0D807 /* SearchRootViewTests.swift in Sources */,
				8327AF474D76C38707EE0262 /* ServiceRegistrationTests.swift in Sources */,
				4E555BF23B469378A967859A /* SettingsViewStateTests.swift in Sources */,
				81438189E9144731336F4867 /* ShowDetailViewTests.swift in Sources */,
				F5512524B05FB4BDF6E3F33B /* StubClientTransport.swift in Sources */,
				D53DDEF7B72376F2B46B2FF6 /* StubLocationResolvers.swift in Sources */,
				F6A2A20C8459B6D3D685D19C /* TestResolverStubs.swift in Sources */,
				E566D7C39CD2A4613F1625A2 /* TokenRefreshMiddlewareIntegrationTests.swift in Sources */,
				3DD05080A8172D6F4867A8B9 /* XTimezoneHeaderNormalizationMiddlewareTests.swift in Sources */,
			);
			runOnlyForDeploymentPostprocessing = 0;
		};
		F11522F45315A81A3251F867 /* Sources */ = {
			isa = PBXSourcesBuildPhase;
			buildActionMask = 2147483647;
			files = (
				89C07B42865A1B37AA845F1E /* LaughTrackBridge.swift in Sources */,
				B769EDC068BE0787A90C22F3 /* LaughTrackTheme.swift in Sources */,
			);
			runOnlyForDeploymentPostprocessing = 0;
		};
/* End PBXSourcesBuildPhase section */

/* Begin PBXTargetDependency section */
		1E5F32AB6B0EC2C9D6C1D4B8 /* PBXTargetDependency */ = {
			isa = PBXTargetDependency;
			target = 588031D52FEC00A9869B0CEE /* LaughTrackCore */;
			targetProxy = F10C462BC75B4021A16E504A /* PBXContainerItemProxy */;
		};
		36CEE3FB350A8A142FB9CFA5 /* PBXTargetDependency */ = {
			isa = PBXTargetDependency;
			target = 588031D52FEC00A9869B0CEE /* LaughTrackCore */;
			targetProxy = 0F8C02225FCBEF34DF1063A5 /* PBXContainerItemProxy */;
		};
		53769A04FC0E5A64BAFAE5BA /* PBXTargetDependency */ = {
			isa = PBXTargetDependency;
			target = D19CF0218A59D603BE1AE54D /* LaughTrackBridge */;
			targetProxy = 44CC746FBC174026B35906B5 /* PBXContainerItemProxy */;
		};
		7EF6497A1E6D61ADD11A29C3 /* PBXTargetDependency */ = {
			isa = PBXTargetDependency;
			target = B8EDA9FFB6021A3EABF2DF1D /* LaughTrackAPIClient */;
			targetProxy = 454B052D1A6E9E2483E42637 /* PBXContainerItemProxy */;
		};
		81D5797205A283B34A4D5911 /* PBXTargetDependency */ = {
			isa = PBXTargetDependency;
			target = E407829409969471735EAA0F /* LaughTrack */;
			targetProxy = 513329F7D0DA3A3CD3ABF4ED /* PBXContainerItemProxy */;
		};
		898AD46BD36E55149B35E7BB /* PBXTargetDependency */ = {
			isa = PBXTargetDependency;
			target = D19CF0218A59D603BE1AE54D /* LaughTrackBridge */;
			targetProxy = 524F76AE8B8309A68037D3B4 /* PBXContainerItemProxy */;
		};
		B63D2D76FF3BFDDBC0C61599 /* PBXTargetDependency */ = {
			isa = PBXTargetDependency;
			target = D19CF0218A59D603BE1AE54D /* LaughTrackBridge */;
			targetProxy = A33B2D917D1F821596D80C8A /* PBXContainerItemProxy */;
		};
		D6314ADF457256542AF9F2D1 /* PBXTargetDependency */ = {
			isa = PBXTargetDependency;
			target = B8EDA9FFB6021A3EABF2DF1D /* LaughTrackAPIClient */;
			targetProxy = E2A2063F192D6802FEA2AC1A /* PBXContainerItemProxy */;
		};
		E838E2789CD3D7FEE881DF8F /* PBXTargetDependency */ = {
			isa = PBXTargetDependency;
			target = B8EDA9FFB6021A3EABF2DF1D /* LaughTrackAPIClient */;
			targetProxy = 7E6F9BAA0C9B9CD608AF7811 /* PBXContainerItemProxy */;
		};
/* End PBXTargetDependency section */

/* Begin XCBuildConfiguration section */
		13FE6258C3BD3B5F839DBC01 /* Debug */ = {
			isa = XCBuildConfiguration;
			buildSettings = {
				CODE_SIGN_IDENTITY = "";
				CURRENT_PROJECT_VERSION = 1;
				DEFINES_MODULE = YES;
				DYLIB_COMPATIBILITY_VERSION = 1;
				DYLIB_CURRENT_VERSION = 1;
				DYLIB_INSTALL_NAME_BASE = "@rpath";
				GENERATE_INFOPLIST_FILE = YES;
				INSTALL_PATH = "$(LOCAL_LIBRARY_DIR)/Frameworks";
				LD_RUNPATH_SEARCH_PATHS = (
					"$(inherited)",
					"@executable_path/Frameworks",
				);
				PRODUCT_BUNDLE_IDENTIFIER = com.laughtrack.apiclient;
				SDKROOT = iphoneos;
				SKIP_INSTALL = YES;
				TARGETED_DEVICE_FAMILY = "1,2";
				VERSIONING_SYSTEM = "apple-generic";
			};
			name = Debug;
		};
		14DCB10E8498AFF5A1621645 /* Release */ = {
			isa = XCBuildConfiguration;
			buildSettings = {
				ASSETCATALOG_COMPILER_APPICON_NAME = AppIcon;
				CODE_SIGN_IDENTITY = "iPhone Developer";
				CURRENT_PROJECT_VERSION = 1;
				GENERATE_INFOPLIST_FILE = NO;
				INFOPLIST_FILE = Sources/LaughTrackApp/Info.plist;
				LD_RUNPATH_SEARCH_PATHS = (
					"$(inherited)",
					"@executable_path/Frameworks",
				);
				MARKETING_VERSION = 1.0;
				PRODUCT_BUNDLE_IDENTIFIER = com.laughtrack.app;
				PRODUCT_MODULE_NAME = LaughTrackApp;
				SDKROOT = iphoneos;
				SWIFT_EMIT_LOC_STRINGS = YES;
				TARGETED_DEVICE_FAMILY = "1,2";
			};
			name = Release;
		};
		1A0A285F92524EC4F8FF4413 /* Release */ = {
			isa = XCBuildConfiguration;
			buildSettings = {
				CODE_SIGN_IDENTITY = "";
				CURRENT_PROJECT_VERSION = 1;
				DEFINES_MODULE = YES;
				DYLIB_COMPATIBILITY_VERSION = 1;
				DYLIB_CURRENT_VERSION = 1;
				DYLIB_INSTALL_NAME_BASE = "@rpath";
				GENERATE_INFOPLIST_FILE = YES;
				INSTALL_PATH = "$(LOCAL_LIBRARY_DIR)/Frameworks";
				LD_RUNPATH_SEARCH_PATHS = (
					"$(inherited)",
					"@executable_path/Frameworks",
				);
				PRODUCT_BUNDLE_IDENTIFIER = com.laughtrack.apiclient;
				SDKROOT = iphoneos;
				SKIP_INSTALL = YES;
				TARGETED_DEVICE_FAMILY = "1,2";
				VERSIONING_SYSTEM = "apple-generic";
			};
			name = Release;
		};
		1CDF35ABDD1C4A99D06C199B /* Release */ = {
			isa = XCBuildConfiguration;
			buildSettings = {
				BUNDLE_LOADER = "$(TEST_HOST)";
				GENERATE_INFOPLIST_FILE = YES;
				LD_RUNPATH_SEARCH_PATHS = (
					"$(inherited)",
					"@executable_path/Frameworks",
					"@loader_path/Frameworks",
				);
				PRODUCT_BUNDLE_IDENTIFIER = com.laughtrack.tests;
				SDKROOT = iphoneos;
				TARGETED_DEVICE_FAMILY = "1,2";
				TEST_HOST = "$(BUILT_PRODUCTS_DIR)/LaughTrack.app/LaughTrack";
			};
			name = Release;
		};
		3689652C419BA6E201C002C9 /* Release */ = {
			isa = XCBuildConfiguration;
			buildSettings = {
				CODE_SIGN_IDENTITY = "";
				CURRENT_PROJECT_VERSION = 1;
				DEFINES_MODULE = YES;
				DYLIB_COMPATIBILITY_VERSION = 1;
				DYLIB_CURRENT_VERSION = 1;
				DYLIB_INSTALL_NAME_BASE = "@rpath";
				GENERATE_INFOPLIST_FILE = YES;
				INSTALL_PATH = "$(LOCAL_LIBRARY_DIR)/Frameworks";
				LD_RUNPATH_SEARCH_PATHS = (
					"$(inherited)",
					"@executable_path/Frameworks",
				);
				PRODUCT_BUNDLE_IDENTIFIER = com.laughtrack.core;
				SDKROOT = iphoneos;
				SKIP_INSTALL = YES;
				TARGETED_DEVICE_FAMILY = "1,2";
				VERSIONING_SYSTEM = "apple-generic";
			};
			name = Release;
		};
		3CD8D657EFBAD338C984B742 /* Debug */ = {
			isa = XCBuildConfiguration;
			buildSettings = {
				BUNDLE_LOADER = "$(TEST_HOST)";
				GENERATE_INFOPLIST_FILE = YES;
				LD_RUNPATH_SEARCH_PATHS = (
					"$(inherited)",
					"@executable_path/Frameworks",
					"@loader_path/Frameworks",
				);
				PRODUCT_BUNDLE_IDENTIFIER = com.laughtrack.tests;
				SDKROOT = iphoneos;
				TARGETED_DEVICE_FAMILY = "1,2";
				TEST_HOST = "$(BUILT_PRODUCTS_DIR)/LaughTrack.app/LaughTrack";
			};
			name = Debug;
		};
		4406245F42A0F6FC2D99678E /* Debug */ = {
			isa = XCBuildConfiguration;
			buildSettings = {
				ASSETCATALOG_COMPILER_APPICON_NAME = AppIcon;
				CODE_SIGN_IDENTITY = "iPhone Developer";
				CURRENT_PROJECT_VERSION = 1;
				GENERATE_INFOPLIST_FILE = NO;
				INFOPLIST_FILE = Sources/LaughTrackApp/Info.plist;
				LD_RUNPATH_SEARCH_PATHS = (
					"$(inherited)",
					"@executable_path/Frameworks",
				);
				MARKETING_VERSION = 1.0;
				PRODUCT_BUNDLE_IDENTIFIER = com.laughtrack.app;
				PRODUCT_MODULE_NAME = LaughTrackApp;
				SDKROOT = iphoneos;
				SWIFT_EMIT_LOC_STRINGS = YES;
				TARGETED_DEVICE_FAMILY = "1,2";
			};
			name = Debug;
		};
		45F5D38B935F0426E0F6081F /* Debug */ = {
			isa = XCBuildConfiguration;
			buildSettings = {
				CODE_SIGN_IDENTITY = "";
				CURRENT_PROJECT_VERSION = 1;
				DEFINES_MODULE = YES;
				DYLIB_COMPATIBILITY_VERSION = 1;
				DYLIB_CURRENT_VERSION = 1;
				DYLIB_INSTALL_NAME_BASE = "@rpath";
				GENERATE_INFOPLIST_FILE = YES;
				INSTALL_PATH = "$(LOCAL_LIBRARY_DIR)/Frameworks";
				LD_RUNPATH_SEARCH_PATHS = (
					"$(inherited)",
					"@executable_path/Frameworks",
				);
				PRODUCT_BUNDLE_IDENTIFIER = com.laughtrack.core;
				SDKROOT = iphoneos;
				SKIP_INSTALL = YES;
				TARGETED_DEVICE_FAMILY = "1,2";
				VERSIONING_SYSTEM = "apple-generic";
			};
			name = Debug;
		};
		4D6E5B1A84FF688A0229AADE /* Release */ = {
			isa = XCBuildConfiguration;
			buildSettings = {
				CODE_SIGN_IDENTITY = "";
				CURRENT_PROJECT_VERSION = 1;
				DEFINES_MODULE = YES;
				DYLIB_COMPATIBILITY_VERSION = 1;
				DYLIB_CURRENT_VERSION = 1;
				DYLIB_INSTALL_NAME_BASE = "@rpath";
				GENERATE_INFOPLIST_FILE = YES;
				INSTALL_PATH = "$(LOCAL_LIBRARY_DIR)/Frameworks";
				LD_RUNPATH_SEARCH_PATHS = (
					"$(inherited)",
					"@executable_path/Frameworks",
				);
				PRODUCT_BUNDLE_IDENTIFIER = com.laughtrack.bridge;
				SDKROOT = iphoneos;
				SKIP_INSTALL = YES;
				TARGETED_DEVICE_FAMILY = "1,2";
				VERSIONING_SYSTEM = "apple-generic";
			};
			name = Release;
		};
		91689E70625E985F5049E5E4 /* Debug */ = {
			isa = XCBuildConfiguration;
			buildSettings = {
				CODE_SIGN_IDENTITY = "";
				CURRENT_PROJECT_VERSION = 1;
				DEFINES_MODULE = YES;
				DYLIB_COMPATIBILITY_VERSION = 1;
				DYLIB_CURRENT_VERSION = 1;
				DYLIB_INSTALL_NAME_BASE = "@rpath";
				GENERATE_INFOPLIST_FILE = YES;
				INSTALL_PATH = "$(LOCAL_LIBRARY_DIR)/Frameworks";
				LD_RUNPATH_SEARCH_PATHS = (
					"$(inherited)",
					"@executable_path/Frameworks",
				);
				PRODUCT_BUNDLE_IDENTIFIER = com.laughtrack.bridge;
				SDKROOT = iphoneos;
				SKIP_INSTALL = YES;
				TARGETED_DEVICE_FAMILY = "1,2";
				VERSIONING_SYSTEM = "apple-generic";
			};
			name = Debug;
		};
		931444B369F0F77481EE7AAB /* Release */ = {
			isa = XCBuildConfiguration;
			buildSettings = {
				ALWAYS_SEARCH_USER_PATHS = NO;
				CLANG_ANALYZER_NONNULL = YES;
				CLANG_ANALYZER_NUMBER_OBJECT_CONVERSION = YES_AGGRESSIVE;
				CLANG_CXX_LANGUAGE_STANDARD = "gnu++14";
				CLANG_CXX_LIBRARY = "libc++";
				CLANG_ENABLE_MODULES = YES;
				CLANG_ENABLE_OBJC_ARC = YES;
				CLANG_ENABLE_OBJC_WEAK = YES;
				CLANG_WARN_BLOCK_CAPTURE_AUTORELEASING = YES;
				CLANG_WARN_BOOL_CONVERSION = YES;
				CLANG_WARN_COMMA = YES;
				CLANG_WARN_CONSTANT_CONVERSION = YES;
				CLANG_WARN_DEPRECATED_OBJC_IMPLEMENTATIONS = YES;
				CLANG_WARN_DIRECT_OBJC_ISA_USAGE = YES_ERROR;
				CLANG_WARN_DOCUMENTATION_COMMENTS = YES;
				CLANG_WARN_EMPTY_BODY = YES;
				CLANG_WARN_ENUM_CONVERSION = YES;
				CLANG_WARN_INFINITE_RECURSION = YES;
				CLANG_WARN_INT_CONVERSION = YES;
				CLANG_WARN_NON_LITERAL_NULL_CONVERSION = YES;
				CLANG_WARN_OBJC_IMPLICIT_RETAIN_SELF = YES;
				CLANG_WARN_OBJC_LITERAL_CONVERSION = YES;
				CLANG_WARN_OBJC_ROOT_CLASS = YES_ERROR;
				CLANG_WARN_QUOTED_INCLUDE_IN_FRAMEWORK_HEADER = YES;
				CLANG_WARN_RANGE_LOOP_ANALYSIS = YES;
				CLANG_WARN_STRICT_PROTOTYPES = YES;
				CLANG_WARN_SUSPICIOUS_MOVE = YES;
				CLANG_WARN_UNGUARDED_AVAILABILITY = YES_AGGRESSIVE;
				CLANG_WARN_UNREACHABLE_CODE = YES;
				CLANG_WARN__DUPLICATE_METHOD_MATCH = YES;
				COPY_PHASE_STRIP = NO;
				DEBUG_INFORMATION_FORMAT = "dwarf-with-dsym";
				ENABLE_NS_ASSERTIONS = NO;
				ENABLE_STRICT_OBJC_MSGSEND = YES;
				GCC_C_LANGUAGE_STANDARD = gnu11;
				GCC_NO_COMMON_BLOCKS = YES;
				GCC_WARN_64_TO_32_BIT_CONVERSION = YES;
				GCC_WARN_ABOUT_RETURN_TYPE = YES_ERROR;
				GCC_WARN_UNDECLARED_SELECTOR = YES;
				GCC_WARN_UNINITIALIZED_AUTOS = YES_AGGRESSIVE;
				GCC_WARN_UNUSED_FUNCTION = YES;
				GCC_WARN_UNUSED_VARIABLE = YES;
				IPHONEOS_DEPLOYMENT_TARGET = 16.0;
				MTL_ENABLE_DEBUG_INFO = NO;
				MTL_FAST_MATH = YES;
				PRODUCT_NAME = "$(TARGET_NAME)";
				SDKROOT = iphoneos;
				SWIFT_COMPILATION_MODE = wholemodule;
				SWIFT_OPTIMIZATION_LEVEL = "-O";
				SWIFT_VERSION = 5.0;
			};
			name = Release;
		};
		EF21138385410472A8669B1A /* Debug */ = {
			isa = XCBuildConfiguration;
			buildSettings = {
				ALWAYS_SEARCH_USER_PATHS = NO;
				CLANG_ANALYZER_NONNULL = YES;
				CLANG_ANALYZER_NUMBER_OBJECT_CONVERSION = YES_AGGRESSIVE;
				CLANG_CXX_LANGUAGE_STANDARD = "gnu++14";
				CLANG_CXX_LIBRARY = "libc++";
				CLANG_ENABLE_MODULES = YES;
				CLANG_ENABLE_OBJC_ARC = YES;
				CLANG_ENABLE_OBJC_WEAK = YES;
				CLANG_WARN_BLOCK_CAPTURE_AUTORELEASING = YES;
				CLANG_WARN_BOOL_CONVERSION = YES;
				CLANG_WARN_COMMA = YES;
				CLANG_WARN_CONSTANT_CONVERSION = YES;
				CLANG_WARN_DEPRECATED_OBJC_IMPLEMENTATIONS = YES;
				CLANG_WARN_DIRECT_OBJC_ISA_USAGE = YES_ERROR;
				CLANG_WARN_DOCUMENTATION_COMMENTS = YES;
				CLANG_WARN_EMPTY_BODY = YES;
				CLANG_WARN_ENUM_CONVERSION = YES;
				CLANG_WARN_INFINITE_RECURSION = YES;
				CLANG_WARN_INT_CONVERSION = YES;
				CLANG_WARN_NON_LITERAL_NULL_CONVERSION = YES;
				CLANG_WARN_OBJC_IMPLICIT_RETAIN_SELF = YES;
				CLANG_WARN_OBJC_LITERAL_CONVERSION = YES;
				CLANG_WARN_OBJC_ROOT_CLASS = YES_ERROR;
				CLANG_WARN_QUOTED_INCLUDE_IN_FRAMEWORK_HEADER = YES;
				CLANG_WARN_RANGE_LOOP_ANALYSIS = YES;
				CLANG_WARN_STRICT_PROTOTYPES = YES;
				CLANG_WARN_SUSPICIOUS_MOVE = YES;
				CLANG_WARN_UNGUARDED_AVAILABILITY = YES_AGGRESSIVE;
				CLANG_WARN_UNREACHABLE_CODE = YES;
				CLANG_WARN__DUPLICATE_METHOD_MATCH = YES;
				COPY_PHASE_STRIP = NO;
				DEBUG_INFORMATION_FORMAT = dwarf;
				ENABLE_STRICT_OBJC_MSGSEND = YES;
				ENABLE_TESTABILITY = YES;
				GCC_C_LANGUAGE_STANDARD = gnu11;
				GCC_DYNAMIC_NO_PIC = NO;
				GCC_NO_COMMON_BLOCKS = YES;
				GCC_OPTIMIZATION_LEVEL = 0;
				GCC_PREPROCESSOR_DEFINITIONS = (
					"$(inherited)",
					"DEBUG=1",
				);
				GCC_WARN_64_TO_32_BIT_CONVERSION = YES;
				GCC_WARN_ABOUT_RETURN_TYPE = YES_ERROR;
				GCC_WARN_UNDECLARED_SELECTOR = YES;
				GCC_WARN_UNINITIALIZED_AUTOS = YES_AGGRESSIVE;
				GCC_WARN_UNUSED_FUNCTION = YES;
				GCC_WARN_UNUSED_VARIABLE = YES;
				IPHONEOS_DEPLOYMENT_TARGET = 16.0;
				MTL_ENABLE_DEBUG_INFO = INCLUDE_SOURCE;
				MTL_FAST_MATH = YES;
				ONLY_ACTIVE_ARCH = YES;
				PRODUCT_NAME = "$(TARGET_NAME)";
				SDKROOT = iphoneos;
				SWIFT_ACTIVE_COMPILATION_CONDITIONS = DEBUG;
				SWIFT_OPTIMIZATION_LEVEL = "-Onone";
				SWIFT_VERSION = 5.0;
			};
			name = Debug;
		};
/* End XCBuildConfiguration section */

/* Begin XCConfigurationList section */
		055AAE6E4FAC82177905CE0A /* Build configuration list for PBXNativeTarget "LaughTrackBridge" */ = {
			isa = XCConfigurationList;
			buildConfigurations = (
				91689E70625E985F5049E5E4 /* Debug */,
				4D6E5B1A84FF688A0229AADE /* Release */,
			);
			defaultConfigurationIsVisible = 0;
			defaultConfigurationName = Debug;
		};
		8554C3F4C5FA71D5F8D90DA5 /* Build configuration list for PBXNativeTarget "LaughTrack" */ = {
			isa = XCConfigurationList;
			buildConfigurations = (
				4406245F42A0F6FC2D99678E /* Debug */,
				14DCB10E8498AFF5A1621645 /* Release */,
			);
			defaultConfigurationIsVisible = 0;
			defaultConfigurationName = Debug;
		};
		A8653530A94222823452BEFD /* Build configuration list for PBXNativeTarget "LaughTrackTests" */ = {
			isa = XCConfigurationList;
			buildConfigurations = (
				3CD8D657EFBAD338C984B742 /* Debug */,
				1CDF35ABDD1C4A99D06C199B /* Release */,
			);
			defaultConfigurationIsVisible = 0;
			defaultConfigurationName = Debug;
		};
		C3CCC0DA0091A65842FA721E /* Build configuration list for PBXNativeTarget "LaughTrackCore" */ = {
			isa = XCConfigurationList;
			buildConfigurations = (
				45F5D38B935F0426E0F6081F /* Debug */,
				3689652C419BA6E201C002C9 /* Release */,
			);
			defaultConfigurationIsVisible = 0;
			defaultConfigurationName = Debug;
		};
		E610BD18D15E206C16429595 /* Build configuration list for PBXProject "LaughTrack" */ = {
			isa = XCConfigurationList;
			buildConfigurations = (
				EF21138385410472A8669B1A /* Debug */,
				931444B369F0F77481EE7AAB /* Release */,
			);
			defaultConfigurationIsVisible = 0;
			defaultConfigurationName = Debug;
		};
		EECC49F0AA286549A16335EA /* Build configuration list for PBXNativeTarget "LaughTrackAPIClient" */ = {
			isa = XCConfigurationList;
			buildConfigurations = (
				13FE6258C3BD3B5F839DBC01 /* Debug */,
				1A0A285F92524EC4F8FF4413 /* Release */,
			);
			defaultConfigurationIsVisible = 0;
			defaultConfigurationName = Debug;
		};
/* End XCConfigurationList section */

/* Begin XCRemoteSwiftPackageReference section */
		043017419D5BF7055F628F43 /* XCRemoteSwiftPackageReference "ios-libs" */ = {
			isa = XCRemoteSwiftPackageReference;
			repositoryURL = "https://github.com/gioe/ios-libs.git";
			requirement = {
				kind = revision;
				revision = 88cc4ddf96ab4719dce62c0c64cfabc6c8cae271;
			};
		};
		84B17814638981A8256A1360 /* XCRemoteSwiftPackageReference "swift-openapi-runtime" */ = {
			isa = XCRemoteSwiftPackageReference;
			repositoryURL = "https://github.com/apple/swift-openapi-runtime";
			requirement = {
				kind = upToNextMajorVersion;
				minimumVersion = 1.9.0;
			};
		};
		A218FFDB29FEA859746F3235 /* XCRemoteSwiftPackageReference "swift-http-types" */ = {
			isa = XCRemoteSwiftPackageReference;
			repositoryURL = "https://github.com/apple/swift-http-types";
			requirement = {
				kind = upToNextMajorVersion;
				minimumVersion = 1.0.0;
			};
		};
		C12B3CB9CCBB3E72413D024E /* XCRemoteSwiftPackageReference "swift-openapi-urlsession" */ = {
			isa = XCRemoteSwiftPackageReference;
			repositoryURL = "https://github.com/apple/swift-openapi-urlsession";
			requirement = {
				kind = upToNextMajorVersion;
				minimumVersion = 1.2.0;
			};
		};
/* End XCRemoteSwiftPackageReference section */

/* Begin XCSwiftPackageProductDependency section */
		02C7C5A65A09BD0E6A833275 /* HTTPTypes */ = {
			isa = XCSwiftPackageProductDependency;
			package = A218FFDB29FEA859746F3235 /* XCRemoteSwiftPackageReference "swift-http-types" */;
			productName = HTTPTypes;
		};
		362B635800535696613C37C8 /* APIClient */ = {
			isa = XCSwiftPackageProductDependency;
			package = 043017419D5BF7055F628F43 /* XCRemoteSwiftPackageReference "ios-libs" */;
			productName = APIClient;
		};
		3EE680D7B2961BCF494CE024 /* HTTPTypes */ = {
			isa = XCSwiftPackageProductDependency;
			package = A218FFDB29FEA859746F3235 /* XCRemoteSwiftPackageReference "swift-http-types" */;
			productName = HTTPTypes;
		};
		3FBC80AB90A17D8FC359C686 /* SharedKit */ = {
			isa = XCSwiftPackageProductDependency;
			package = 043017419D5BF7055F628F43 /* XCRemoteSwiftPackageReference "ios-libs" */;
			productName = SharedKit;
		};
		4472C700BD5B0922771D56BB /* OpenAPIRuntime */ = {
			isa = XCSwiftPackageProductDependency;
			package = 84B17814638981A8256A1360 /* XCRemoteSwiftPackageReference "swift-openapi-runtime" */;
			productName = OpenAPIRuntime;
		};
		4BE52EFE6EC3A2B61C652F82 /* SharedKit */ = {
			isa = XCSwiftPackageProductDependency;
			package = 043017419D5BF7055F628F43 /* XCRemoteSwiftPackageReference "ios-libs" */;
			productName = SharedKit;
		};
		5065622ECA00D55918B63F96 /* HTTPTypes */ = {
			isa = XCSwiftPackageProductDependency;
			package = A218FFDB29FEA859746F3235 /* XCRemoteSwiftPackageReference "swift-http-types" */;
			productName = HTTPTypes;
		};
		5DCCCA95DB28A342FFAAEC81 /* OpenAPIURLSession */ = {
			isa = XCSwiftPackageProductDependency;
			package = C12B3CB9CCBB3E72413D024E /* XCRemoteSwiftPackageReference "swift-openapi-urlsession" */;
			productName = OpenAPIURLSession;
		};
		61CB6BEBA8E2ACC482982705 /* OpenAPIURLSession */ = {
			isa = XCSwiftPackageProductDependency;
			package = C12B3CB9CCBB3E72413D024E /* XCRemoteSwiftPackageReference "swift-openapi-urlsession" */;
			productName = OpenAPIURLSession;
		};
		6AF9C434C99637FEA0F1C1FF /* OpenAPIRuntime */ = {
			isa = XCSwiftPackageProductDependency;
			package = 84B17814638981A8256A1360 /* XCRemoteSwiftPackageReference "swift-openapi-runtime" */;
			productName = OpenAPIRuntime;
		};
		71C12428379E58C843E61BF8 /* OpenAPIRuntime */ = {
			isa = XCSwiftPackageProductDependency;
			package = 84B17814638981A8256A1360 /* XCRemoteSwiftPackageReference "swift-openapi-runtime" */;
			productName = OpenAPIRuntime;
		};
		835B2849E1649BAD8DA6A0F9 /* APIClient */ = {
			isa = XCSwiftPackageProductDependency;
			package = 043017419D5BF7055F628F43 /* XCRemoteSwiftPackageReference "ios-libs" */;
			productName = APIClient;
		};
		840EC01CEF9D9E447C26CF81 /* APIClient */ = {
			isa = XCSwiftPackageProductDependency;
			package = 043017419D5BF7055F628F43 /* XCRemoteSwiftPackageReference "ios-libs" */;
			productName = APIClient;
		};
		8780AC234414FC21BE50A118 /* OpenAPIRuntime */ = {
			isa = XCSwiftPackageProductDependency;
			package = 84B17814638981A8256A1360 /* XCRemoteSwiftPackageReference "swift-openapi-runtime" */;
			productName = OpenAPIRuntime;
		};
		A03EAB9E918EB12670D345CD /* APIClient */ = {
			isa = XCSwiftPackageProductDependency;
			package = 043017419D5BF7055F628F43 /* XCRemoteSwiftPackageReference "ios-libs" */;
			productName = APIClient;
		};
		B5CF312989F6114779A9309B /* SharedKit */ = {
			isa = XCSwiftPackageProductDependency;
			package = 043017419D5BF7055F628F43 /* XCRemoteSwiftPackageReference "ios-libs" */;
			productName = SharedKit;
		};
		F6CD43913E8654A6A6A90389 /* SharedKit */ = {
			isa = XCSwiftPackageProductDependency;
			package = 043017419D5BF7055F628F43 /* XCRemoteSwiftPackageReference "ios-libs" */;
			productName = SharedKit;
		};
		F840714F147704B940EFAC06 /* HTTPTypes */ = {
			isa = XCSwiftPackageProductDependency;
			package = A218FFDB29FEA859746F3235 /* XCRemoteSwiftPackageReference "swift-http-types" */;
			productName = HTTPTypes;
		};
/* End XCSwiftPackageProductDependency section */
	};
	rootObject = 5FB0ADAB0EB091F9D35AAAFB /* Project object */;
}
