// !$*UTF8*$!
{
	archiveVersion = 1;
	classes = {
	};
	objectVersion = 77;
	objects = {

/* Begin PBXBuildFile section */
		03E5C3A13E13A63EDE0F87A0 /* AuthProvider.swift in Sources */ = {isa = PBXBuildFile; fileRef = 613A6C65D3E6FDBC1FEE04C5 /* AuthProvider.swift */; };
		0E0EE5D3C981B00E1290F2FD /* Client.swift in Sources */ = {isa = PBXBuildFile; fileRef = 2AE66AEEC26F743787CDC4EE /* Client.swift */; };
		0FC8D86160FD6351D3956617 /* AppConfiguration.swift in Sources */ = {isa = PBXBuildFile; fileRef = 84C5C5FE44DB9A0D821C72AD /* AppConfiguration.swift */; };
		10F4B6790860867934B334F8 /* OpenAPIRuntime in Frameworks */ = {isa = PBXBuildFile; productRef = 8780AC234414FC21BE50A118 /* OpenAPIRuntime */; };
		167E5076004F5F0AB43045C0 /* LaughTrackAPIClient.framework in Embed Frameworks */ = {isa = PBXBuildFile; fileRef = DE90DE11FF14510C06890AB7 /* LaughTrackAPIClient.framework */; settings = {ATTRIBUTES = (CodeSignOnCopy, RemoveHeadersOnCopy, ); }; };
		1B95B72A52E55A1521A3914B /* LaughTrackOfflineOperation.swift in Sources */ = {isa = PBXBuildFile; fileRef = E8FF3C7F0664E4874C83A911 /* LaughTrackOfflineOperation.swift */; };
		1C7768661C5CFBBC6AA1D19A /* APIClient in Frameworks */ = {isa = PBXBuildFile; productRef = 840EC01CEF9D9E447C26CF81 /* APIClient */; };
		1D29846232BE8B601CF6C991 /* SharedKit in Frameworks */ = {isa = PBXBuildFile; productRef = 4BE52EFE6EC3A2B61C652F82 /* SharedKit */; };
		1D2E87B73739EA1A7023E9E2 /* LaughTrackApp.swift in Sources */ = {isa = PBXBuildFile; fileRef = 281FB22CC5183EF10EE60C01 /* LaughTrackApp.swift */; };
		2A9EAFCA45FFDC0AD0584880 /* LaughTrackAPIClient.framework in Frameworks */ = {isa = PBXBuildFile; fileRef = DE90DE11FF14510C06890AB7 /* LaughTrackAPIClient.framework */; };
		2FDC04B26C9E078C0855E7FF /* LaughTrackCacheKey.swift in Sources */ = {isa = PBXBuildFile; fileRef = 0A4A91F43782F9FDA4187D3F /* LaughTrackCacheKey.swift */; };
		38D7CA0826C7E00A4113ABA9 /* OAuthSessionRunner.swift in Sources */ = {isa = PBXBuildFile; fileRef = 9F1CE5B8D82B0C6436FA4869 /* OAuthSessionRunner.swift */; };
		3B4C42AA261FA51B09A35541 /* SharedKit in Frameworks */ = {isa = PBXBuildFile; productRef = B5CF312989F6114779A9309B /* SharedKit */; };
		3CEBAA68984331D050F4088C /* UnauthorizedResponseMiddleware.swift in Sources */ = {isa = PBXBuildFile; fileRef = 92337F6B1144FEF54810C74C /* UnauthorizedResponseMiddleware.swift */; };
		41F25FA51A32EFBC75B3B7B7 /* ProfileView.swift in Sources */ = {isa = PBXBuildFile; fileRef = 013C30ED4B343F94BCD7B193 /* ProfileView.swift */; };
		42424F768696DC2F72FF6B9E /* LaughTrackBridge.framework in Frameworks */ = {isa = PBXBuildFile; fileRef = 20552640F544D4395DE585B7 /* LaughTrackBridge.framework */; };
		5518B3838A0551BE0358E7FA /* HTTPTypes in Frameworks */ = {isa = PBXBuildFile; productRef = 3EE680D7B2961BCF494CE024 /* HTTPTypes */; };
		6345F1EA9EAEA2507D01175F /* AuthManager.swift in Sources */ = {isa = PBXBuildFile; fileRef = 427388AED0335B0C7AC80040 /* AuthManager.swift */; };
		6ABEE832F9DD11A82D34B73C /* SearchRootView.swift in Sources */ = {isa = PBXBuildFile; fileRef = 22E3FEC26FAACA575C943CBF /* SearchRootView.swift */; };
		6EED35E475AD78DA03A3F5C7 /* ContentView.swift in Sources */ = {isa = PBXBuildFile; fileRef = A6A4759E6DB08350C5ADD176 /* ContentView.swift */; };
		739A95D851F561B8547F9395 /* OpenAPIURLSession in Frameworks */ = {isa = PBXBuildFile; productRef = 61CB6BEBA8E2ACC482982705 /* OpenAPIURLSession */; };
		79980C10F2F4DC91F9EAED6E /* AuthRouteConfiguration.swift in Sources */ = {isa = PBXBuildFile; fileRef = 585D8619C93C9C77641450CD /* AuthRouteConfiguration.swift */; };
		7BF5BA4980BD8A9267682209 /* AppShellView.swift in Sources */ = {isa = PBXBuildFile; fileRef = B5E043BF19430E526D649ECA /* AppShellView.swift */; };
		84583D2BFAB07ACA108C3CFA /* Types.swift in Sources */ = {isa = PBXBuildFile; fileRef = DFD6F86573233BBC5DAFD03B /* Types.swift */; };
		8873B3618E229562016FB042 /* SearchRootModel.swift in Sources */ = {isa = PBXBuildFile; fileRef = 9978F45A4571629632A092FF /* SearchRootModel.swift */; };
		89C07B42865A1B37AA845F1E /* LaughTrackBridge.swift in Sources */ = {isa = PBXBuildFile; fileRef = AD130C65850C7623AC95788F /* LaughTrackBridge.swift */; };
		8A3AE319974FC54ABCE52FB2 /* NearbyPreferenceStore.swift in Sources */ = {isa = PBXBuildFile; fileRef = 92A8166F55F78405CB41E328 /* NearbyPreferenceStore.swift */; };
		9009C5A81846DBC1B9A15358 /* AppTab.swift in Sources */ = {isa = PBXBuildFile; fileRef = E34F7E79132A5EA5AA3552B4 /* AppTab.swift */; };
		91F5129BA47F8724B27E8BF2 /* LaughTrackAPIClient.swift in Sources */ = {isa = PBXBuildFile; fileRef = 98FC93EDB4A27FDCCB09F568 /* LaughTrackAPIClient.swift */; };
		92F47B2CCCE1D1296F3AE7BD /* AppRoute.swift in Sources */ = {isa = PBXBuildFile; fileRef = 1C6A228D912DFFE3A74A36BB /* AppRoute.swift */; };
		94487F196E7F1E52967A3AB0 /* LaughTrackCore.framework in Frameworks */ = {isa = PBXBuildFile; fileRef = 8EA13D0C5CA2F5439E19E122 /* LaughTrackCore.framework */; };
		9ECD9CBBBF4146F96875CF95 /* EntityDataFlow.swift in Sources */ = {isa = PBXBuildFile; fileRef = 8BF2B88CE4154BD479271AA7 /* EntityDataFlow.swift */; };
		9F699E60A40D89F8C4A837CF /* APIVersionPathMiddleware.swift in Sources */ = {isa = PBXBuildFile; fileRef = B534BFFF719C94C2A0D86C6D /* APIVersionPathMiddleware.swift */; };
		A24095B90BCF6912A7533AED /* APIClient in Frameworks */ = {isa = PBXBuildFile; productRef = 835B2849E1649BAD8DA6A0F9 /* APIClient */; };
		A77B253353CA4E36DAC82C2E /* LaughTrackUITests.swift in Sources */ = {isa = PBXBuildFile; fileRef = 1F3879DA9C6AF40691D8C7DD /* LaughTrackUITests.swift */; };
		B207179F163C197224CDF050 /* ActivityView.swift in Sources */ = {isa = PBXBuildFile; fileRef = 22F34CFB0953B3E423A1E672 /* ActivityView.swift */; };
		B5FC8176CE8E0E5C21F62C33 /* LaughTrackAPIClient.framework in Frameworks */ = {isa = PBXBuildFile; fileRef = DE90DE11FF14510C06890AB7 /* LaughTrackAPIClient.framework */; };
		B769EDC068BE0787A90C22F3 /* LaughTrackTheme.swift in Sources */ = {isa = PBXBuildFile; fileRef = FD44BB9E3449C773B60FE7A7 /* LaughTrackTheme.swift */; };
		C00B3DACF4547137AC8B27E5 /* DiscoveryViews.swift in Sources */ = {isa = PBXBuildFile; fileRef = FE35EB33E76E6316CDCFCAB2 /* DiscoveryViews.swift */; };
		C27DB4BAD000672EF70ED3E6 /* LaughTrackBridge.framework in Embed Frameworks */ = {isa = PBXBuildFile; fileRef = 20552640F544D4395DE585B7 /* LaughTrackBridge.framework */; settings = {ATTRIBUTES = (CodeSignOnCopy, RemoveHeadersOnCopy, ); }; };
		D8230A7E91161475D358210D /* HTTPTypes in Frameworks */ = {isa = PBXBuildFile; productRef = 02C7C5A65A09BD0E6A833275 /* HTTPTypes */; };
		E2889930BEDFE54F911EC6D1 /* AppBootstrap.swift in Sources */ = {isa = PBXBuildFile; fileRef = 8510FB22DBE58FC68078455A /* AppBootstrap.swift */; };
		E3DDB8037254DC0B356EBBEB /* NearbyLocationController.swift in Sources */ = {isa = PBXBuildFile; fileRef = 498BFB68E6063E822195D27C /* NearbyLocationController.swift */; };
		F07B8BFA93C29AAB9929748A /* LaughTrackComponents.swift in Sources */ = {isa = PBXBuildFile; fileRef = F97636A6D9A525F2A93EEBBD /* LaughTrackComponents.swift */; };
		F3010080CDE3E66A512F6423 /* CurrentLocationZipResolver.swift in Sources */ = {isa = PBXBuildFile; fileRef = 30BC17288637FF61B8F14864 /* CurrentLocationZipResolver.swift */; };
		F9868C97E0278D3313F4DE79 /* ServiceRegistration.swift in Sources */ = {isa = PBXBuildFile; fileRef = 0E463D5C04287DCD22E50CB4 /* ServiceRegistration.swift */; };
		FA4FC7D3B905C1516EFDFED2 /* OpenAPIRuntime in Frameworks */ = {isa = PBXBuildFile; productRef = 4472C700BD5B0922771D56BB /* OpenAPIRuntime */; };
		FEA7B9F292F79DD9E58A7F6A /* LaughTrackBridge.framework in Frameworks */ = {isa = PBXBuildFile; fileRef = 20552640F544D4395DE585B7 /* LaughTrackBridge.framework */; };
/* End PBXBuildFile section */

/* Begin PBXContainerItemProxy section */
		44CC746FBC174026B35906B5 /* PBXContainerItemProxy */ = {
			isa = PBXContainerItemProxy;
			containerPortal = 5FB0ADAB0EB091F9D35AAAFB /* Project object */;
			proxyType = 1;
			remoteGlobalIDString = D19CF0218A59D603BE1AE54D;
			remoteInfo = LaughTrackBridge;
		};
		454B052D1A6E9E2483E42637 /* PBXContainerItemProxy */ = {
			isa = PBXContainerItemProxy;
			containerPortal = 5FB0ADAB0EB091F9D35AAAFB /* Project object */;
			proxyType = 1;
			remoteGlobalIDString = B8EDA9FFB6021A3EABF2DF1D;
			remoteInfo = LaughTrackAPIClient;
		};
		7AD27A12ADCF21AE1118E584 /* PBXContainerItemProxy */ = {
			isa = PBXContainerItemProxy;
			containerPortal = 5FB0ADAB0EB091F9D35AAAFB /* Project object */;
			proxyType = 1;
			remoteGlobalIDString = E407829409969471735EAA0F;
			remoteInfo = LaughTrack;
		};
		A33B2D917D1F821596D80C8A /* PBXContainerItemProxy */ = {
			isa = PBXContainerItemProxy;
			containerPortal = 5FB0ADAB0EB091F9D35AAAFB /* Project object */;
			proxyType = 1;
			remoteGlobalIDString = D19CF0218A59D603BE1AE54D;
			remoteInfo = LaughTrackBridge;
		};
		E2A2063F192D6802FEA2AC1A /* PBXContainerItemProxy */ = {
			isa = PBXContainerItemProxy;
			containerPortal = 5FB0ADAB0EB091F9D35AAAFB /* Project object */;
			proxyType = 1;
			remoteGlobalIDString = B8EDA9FFB6021A3EABF2DF1D;
			remoteInfo = LaughTrackAPIClient;
		};
		F10C462BC75B4021A16E504A /* PBXContainerItemProxy */ = {
			isa = PBXContainerItemProxy;
			containerPortal = 5FB0ADAB0EB091F9D35AAAFB /* Project object */;
			proxyType = 1;
			remoteGlobalIDString = 588031D52FEC00A9869B0CEE;
			remoteInfo = LaughTrackCore;
		};
/* End PBXContainerItemProxy section */

/* Begin PBXCopyFilesBuildPhase section */
		FCB232C13A5BE6125D562EF3 /* Embed Frameworks */ = {
			isa = PBXCopyFilesBuildPhase;
			buildActionMask = 2147483647;
			dstPath = "";
			dstSubfolderSpec = 10;
			files = (
				C27DB4BAD000672EF70ED3E6 /* LaughTrackBridge.framework in Embed Frameworks */,
				167E5076004F5F0AB43045C0 /* LaughTrackAPIClient.framework in Embed Frameworks */,
			);
			name = "Embed Frameworks";
			runOnlyForDeploymentPostprocessing = 0;
		};
/* End PBXCopyFilesBuildPhase section */

/* Begin PBXFileReference section */
		013C30ED4B343F94BCD7B193 /* ProfileView.swift */ = {isa = PBXFileReference; lastKnownFileType = sourcecode.swift; path = ProfileView.swift; sourceTree = "<group>"; };
		0A4A91F43782F9FDA4187D3F /* LaughTrackCacheKey.swift */ = {isa = PBXFileReference; lastKnownFileType = sourcecode.swift; path = LaughTrackCacheKey.swift; sourceTree = "<group>"; };
		0E463D5C04287DCD22E50CB4 /* ServiceRegistration.swift */ = {isa = PBXFileReference; lastKnownFileType = sourcecode.swift; path = ServiceRegistration.swift; sourceTree = "<group>"; };
		1C6A228D912DFFE3A74A36BB /* AppRoute.swift */ = {isa = PBXFileReference; lastKnownFileType = sourcecode.swift; path = AppRoute.swift; sourceTree = "<group>"; };
		1F3879DA9C6AF40691D8C7DD /* LaughTrackUITests.swift */ = {isa = PBXFileReference; lastKnownFileType = sourcecode.swift; path = LaughTrackUITests.swift; sourceTree = "<group>"; };
		20552640F544D4395DE585B7 /* LaughTrackBridge.framework */ = {isa = PBXFileReference; explicitFileType = wrapper.framework; includeInIndex = 0; path = LaughTrackBridge.framework; sourceTree = BUILT_PRODUCTS_DIR; };
		22E3FEC26FAACA575C943CBF /* SearchRootView.swift */ = {isa = PBXFileReference; lastKnownFileType = sourcecode.swift; path = SearchRootView.swift; sourceTree = "<group>"; };
		22F34CFB0953B3E423A1E672 /* ActivityView.swift */ = {isa = PBXFileReference; lastKnownFileType = sourcecode.swift; path = ActivityView.swift; sourceTree = "<group>"; };
		281FB22CC5183EF10EE60C01 /* LaughTrackApp.swift */ = {isa = PBXFileReference; lastKnownFileType = sourcecode.swift; path = LaughTrackApp.swift; sourceTree = "<group>"; };
		2AE66AEEC26F743787CDC4EE /* Client.swift */ = {isa = PBXFileReference; lastKnownFileType = sourcecode.swift; path = Client.swift; sourceTree = "<group>"; };
		30BC17288637FF61B8F14864 /* CurrentLocationZipResolver.swift */ = {isa = PBXFileReference; lastKnownFileType = sourcecode.swift; path = CurrentLocationZipResolver.swift; sourceTree = "<group>"; };
		427388AED0335B0C7AC80040 /* AuthManager.swift */ = {isa = PBXFileReference; lastKnownFileType = sourcecode.swift; path = AuthManager.swift; sourceTree = "<group>"; };
		498BFB68E6063E822195D27C /* NearbyLocationController.swift */ = {isa = PBXFileReference; lastKnownFileType = sourcecode.swift; path = NearbyLocationController.swift; sourceTree = "<group>"; };
		585D8619C93C9C77641450CD /* AuthRouteConfiguration.swift */ = {isa = PBXFileReference; lastKnownFileType = sourcecode.swift; path = AuthRouteConfiguration.swift; sourceTree = "<group>"; };
		613A6C65D3E6FDBC1FEE04C5 /* AuthProvider.swift */ = {isa = PBXFileReference; lastKnownFileType = sourcecode.swift; path = AuthProvider.swift; sourceTree = "<group>"; };
		84C5C5FE44DB9A0D821C72AD /* AppConfiguration.swift */ = {isa = PBXFileReference; lastKnownFileType = sourcecode.swift; path = AppConfiguration.swift; sourceTree = "<group>"; };
		8510FB22DBE58FC68078455A /* AppBootstrap.swift */ = {isa = PBXFileReference; lastKnownFileType = sourcecode.swift; path = AppBootstrap.swift; sourceTree = "<group>"; };
		8BF2B88CE4154BD479271AA7 /* EntityDataFlow.swift */ = {isa = PBXFileReference; lastKnownFileType = sourcecode.swift; path = EntityDataFlow.swift; sourceTree = "<group>"; };
		8D4BF4FCA9AD4D3056F0DF97 /* LaughTrack.app */ = {isa = PBXFileReference; includeInIndex = 0; lastKnownFileType = wrapper.application; path = LaughTrack.app; sourceTree = BUILT_PRODUCTS_DIR; };
		8EA13D0C5CA2F5439E19E122 /* LaughTrackCore.framework */ = {isa = PBXFileReference; includeInIndex = 0; lastKnownFileType = wrapper.framework; path = LaughTrackCore.framework; sourceTree = BUILT_PRODUCTS_DIR; };
		92337F6B1144FEF54810C74C /* UnauthorizedResponseMiddleware.swift */ = {isa = PBXFileReference; lastKnownFileType = sourcecode.swift; path = UnauthorizedResponseMiddleware.swift; sourceTree = "<group>"; };
		92A8166F55F78405CB41E328 /* NearbyPreferenceStore.swift */ = {isa = PBXFileReference; lastKnownFileType = sourcecode.swift; path = NearbyPreferenceStore.swift; sourceTree = "<group>"; };
		98FC93EDB4A27FDCCB09F568 /* LaughTrackAPIClient.swift */ = {isa = PBXFileReference; lastKnownFileType = sourcecode.swift; path = LaughTrackAPIClient.swift; sourceTree = "<group>"; };
		9978F45A4571629632A092FF /* SearchRootModel.swift */ = {isa = PBXFileReference; lastKnownFileType = sourcecode.swift; path = SearchRootModel.swift; sourceTree = "<group>"; };
		9F1CE5B8D82B0C6436FA4869 /* OAuthSessionRunner.swift */ = {isa = PBXFileReference; lastKnownFileType = sourcecode.swift; path = OAuthSessionRunner.swift; sourceTree = "<group>"; };
		A6A4759E6DB08350C5ADD176 /* ContentView.swift */ = {isa = PBXFileReference; lastKnownFileType = sourcecode.swift; path = ContentView.swift; sourceTree = "<group>"; };
		AD130C65850C7623AC95788F /* LaughTrackBridge.swift */ = {isa = PBXFileReference; lastKnownFileType = sourcecode.swift; path = LaughTrackBridge.swift; sourceTree = "<group>"; };
		B534BFFF719C94C2A0D86C6D /* APIVersionPathMiddleware.swift */ = {isa = PBXFileReference; lastKnownFileType = sourcecode.swift; path = APIVersionPathMiddleware.swift; sourceTree = "<group>"; };
		B5E043BF19430E526D649ECA /* AppShellView.swift */ = {isa = PBXFileReference; lastKnownFileType = sourcecode.swift; path = AppShellView.swift; sourceTree = "<group>"; };
		DE90DE11FF14510C06890AB7 /* LaughTrackAPIClient.framework */ = {isa = PBXFileReference; explicitFileType = wrapper.framework; includeInIndex = 0; path = LaughTrackAPIClient.framework; sourceTree = BUILT_PRODUCTS_DIR; };
		DFD6F86573233BBC5DAFD03B /* Types.swift */ = {isa = PBXFileReference; lastKnownFileType = sourcecode.swift; path = Types.swift; sourceTree = "<group>"; };
		E34F7E79132A5EA5AA3552B4 /* AppTab.swift */ = {isa = PBXFileReference; lastKnownFileType = sourcecode.swift; path = AppTab.swift; sourceTree = "<group>"; };
		E8FF3C7F0664E4874C83A911 /* LaughTrackOfflineOperation.swift */ = {isa = PBXFileReference; lastKnownFileType = sourcecode.swift; path = LaughTrackOfflineOperation.swift; sourceTree = "<group>"; };
		F97636A6D9A525F2A93EEBBD /* LaughTrackComponents.swift */ = {isa = PBXFileReference; lastKnownFileType = sourcecode.swift; path = LaughTrackComponents.swift; sourceTree = "<group>"; };
		FB6DE921008E3BE464BC6C0A /* LaughTrackUITests.xctest */ = {isa = PBXFileReference; includeInIndex = 0; lastKnownFileType = wrapper.cfbundle; path = LaughTrackUITests.xctest; sourceTree = BUILT_PRODUCTS_DIR; };
		FD44BB9E3449C773B60FE7A7 /* LaughTrackTheme.swift */ = {isa = PBXFileReference; lastKnownFileType = sourcecode.swift; path = LaughTrackTheme.swift; sourceTree = "<group>"; };
		FE35EB33E76E6316CDCFCAB2 /* DiscoveryViews.swift */ = {isa = PBXFileReference; lastKnownFileType = sourcecode.swift; path = DiscoveryViews.swift; sourceTree = "<group>"; };
		FFF7EC3716232F6AB430AF80 /* Info.plist */ = {isa = PBXFileReference; lastKnownFileType = text.plist; path = Info.plist; sourceTree = "<group>"; };
/* End PBXFileReference section */

/* Begin PBXFrameworksBuildPhase section */
		482B25D7333DFD17289EA13D /* Frameworks */ = {
			isa = PBXFrameworksBuildPhase;
			buildActionMask = 2147483647;
			files = (
				42424F768696DC2F72FF6B9E /* LaughTrackBridge.framework in Frameworks */,
				2A9EAFCA45FFDC0AD0584880 /* LaughTrackAPIClient.framework in Frameworks */,
			);
			runOnlyForDeploymentPostprocessing = 0;
		};
		79CB179671AEFAFA805BEAD0 /* Frameworks */ = {
			isa = PBXFrameworksBuildPhase;
			buildActionMask = 2147483647;
			files = (
				94487F196E7F1E52967A3AB0 /* LaughTrackCore.framework in Frameworks */,
				FEA7B9F292F79DD9E58A7F6A /* LaughTrackBridge.framework in Frameworks */,
				B5FC8176CE8E0E5C21F62C33 /* LaughTrackAPIClient.framework in Frameworks */,
				1D29846232BE8B601CF6C991 /* SharedKit in Frameworks */,
				1C7768661C5CFBBC6AA1D19A /* APIClient in Frameworks */,
				10F4B6790860867934B334F8 /* OpenAPIRuntime in Frameworks */,
				5518B3838A0551BE0358E7FA /* HTTPTypes in Frameworks */,
				739A95D851F561B8547F9395 /* OpenAPIURLSession in Frameworks */,
			);
			runOnlyForDeploymentPostprocessing = 0;
		};
		92D2090F1E8B1B0DF1A8E2F5 /* Frameworks */ = {
			isa = PBXFrameworksBuildPhase;
			buildActionMask = 2147483647;
			files = (
				3B4C42AA261FA51B09A35541 /* SharedKit in Frameworks */,
			);
			runOnlyForDeploymentPostprocessing = 0;
		};
		C66B494C2F2DD7A537BBFF3F /* Frameworks */ = {
			isa = PBXFrameworksBuildPhase;
			buildActionMask = 2147483647;
			files = (
				A24095B90BCF6912A7533AED /* APIClient in Frameworks */,
				FA4FC7D3B905C1516EFDFED2 /* OpenAPIRuntime in Frameworks */,
				D8230A7E91161475D358210D /* HTTPTypes in Frameworks */,
			);
			runOnlyForDeploymentPostprocessing = 0;
		};
/* End PBXFrameworksBuildPhase section */

/* Begin PBXGroup section */
		11CB7D3C335525FFE3629FA9 /* LaughTrackBridge */ = {
			isa = PBXGroup;
			children = (
				AD130C65850C7623AC95788F /* LaughTrackBridge.swift */,
				FD44BB9E3449C773B60FE7A7 /* LaughTrackTheme.swift */,
			);
			name = LaughTrackBridge;
			path = Sources/LaughTrackBridge;
			sourceTree = "<group>";
		};
		43950B4019193E7B51DA39C4 /* LaughTrackAPIClient */ = {
			isa = PBXGroup;
			children = (
				98FC93EDB4A27FDCCB09F568 /* LaughTrackAPIClient.swift */,
				56BB11037BEA2651163AA65A /* GeneratedSources */,
			);
			name = LaughTrackAPIClient;
			path = Sources/LaughTrackAPIClient;
			sourceTree = "<group>";
		};
		45B8672F75E839F8520DD760 /* Auth */ = {
			isa = PBXGroup;
			children = (
				427388AED0335B0C7AC80040 /* AuthManager.swift */,
				613A6C65D3E6FDBC1FEE04C5 /* AuthProvider.swift */,
				585D8619C93C9C77641450CD /* AuthRouteConfiguration.swift */,
				9F1CE5B8D82B0C6436FA4869 /* OAuthSessionRunner.swift */,
				92337F6B1144FEF54810C74C /* UnauthorizedResponseMiddleware.swift */,
			);
			path = Auth;
			sourceTree = "<group>";
		};
		48A1C8253AED9F441B4B02FA /* LaughTrackCore */ = {
			isa = PBXGroup;
			children = (
				B534BFFF719C94C2A0D86C6D /* APIVersionPathMiddleware.swift */,
				8510FB22DBE58FC68078455A /* AppBootstrap.swift */,
				84C5C5FE44DB9A0D821C72AD /* AppConfiguration.swift */,
				30BC17288637FF61B8F14864 /* CurrentLocationZipResolver.swift */,
				0A4A91F43782F9FDA4187D3F /* LaughTrackCacheKey.swift */,
				E8FF3C7F0664E4874C83A911 /* LaughTrackOfflineOperation.swift */,
				498BFB68E6063E822195D27C /* NearbyLocationController.swift */,
				92A8166F55F78405CB41E328 /* NearbyPreferenceStore.swift */,
				0E463D5C04287DCD22E50CB4 /* ServiceRegistration.swift */,
				45B8672F75E839F8520DD760 /* Auth */,
			);
			name = LaughTrackCore;
			path = Sources/LaughTrackCore;
			sourceTree = "<group>";
		};
		4912D91429873852372DFFCF = {
			isa = PBXGroup;
			children = (
				43950B4019193E7B51DA39C4 /* LaughTrackAPIClient */,
				60D274A90614E6596D6F336D /* LaughTrackApp */,
				11CB7D3C335525FFE3629FA9 /* LaughTrackBridge */,
				48A1C8253AED9F441B4B02FA /* LaughTrackCore */,
				D333F5AE2F330FA240A413B7 /* UITests */,
				D8FE5A1E404D541E9C145D48 /* Products */,
			);
			sourceTree = "<group>";
		};
		56BB11037BEA2651163AA65A /* GeneratedSources */ = {
			isa = PBXGroup;
			children = (
				2AE66AEEC26F743787CDC4EE /* Client.swift */,
				DFD6F86573233BBC5DAFD03B /* Types.swift */,
			);
			path = GeneratedSources;
			sourceTree = "<group>";
		};
		60D274A90614E6596D6F336D /* LaughTrackApp */ = {
			isa = PBXGroup;
			children = (
				22F34CFB0953B3E423A1E672 /* ActivityView.swift */,
				1C6A228D912DFFE3A74A36BB /* AppRoute.swift */,
				B5E043BF19430E526D649ECA /* AppShellView.swift */,
				E34F7E79132A5EA5AA3552B4 /* AppTab.swift */,
				A6A4759E6DB08350C5ADD176 /* ContentView.swift */,
				FE35EB33E76E6316CDCFCAB2 /* DiscoveryViews.swift */,
				8BF2B88CE4154BD479271AA7 /* EntityDataFlow.swift */,
				FFF7EC3716232F6AB430AF80 /* Info.plist */,
				281FB22CC5183EF10EE60C01 /* LaughTrackApp.swift */,
				013C30ED4B343F94BCD7B193 /* ProfileView.swift */,
				9978F45A4571629632A092FF /* SearchRootModel.swift */,
				22E3FEC26FAACA575C943CBF /* SearchRootView.swift */,
				972D4E3777C6BD77ECF7577D /* DesignSystem */,
			);
			name = LaughTrackApp;
			path = Sources/LaughTrackApp;
			sourceTree = "<group>";
		};
		972D4E3777C6BD77ECF7577D /* DesignSystem */ = {
			isa = PBXGroup;
			children = (
				F97636A6D9A525F2A93EEBBD /* LaughTrackComponents.swift */,
			);
			path = DesignSystem;
			sourceTree = "<group>";
		};
		D333F5AE2F330FA240A413B7 /* UITests */ = {
			isa = PBXGroup;
			children = (
				1F3879DA9C6AF40691D8C7DD /* LaughTrackUITests.swift */,
			);
			path = UITests;
			sourceTree = "<group>";
		};
		D8FE5A1E404D541E9C145D48 /* Products */ = {
			isa = PBXGroup;
			children = (
				8D4BF4FCA9AD4D3056F0DF97 /* LaughTrack.app */,
				DE90DE11FF14510C06890AB7 /* LaughTrackAPIClient.framework */,
				20552640F544D4395DE585B7 /* LaughTrackBridge.framework */,
				8EA13D0C5CA2F5439E19E122 /* LaughTrackCore.framework */,
				FB6DE921008E3BE464BC6C0A /* LaughTrackUITests.xctest */,
			);
			name = Products;
			sourceTree = "<group>";
		};
/* End PBXGroup section */

/* Begin PBXNativeTarget section */
		52750A922363534F75FFBF6B /* LaughTrackUITests */ = {
			isa = PBXNativeTarget;
			buildConfigurationList = 9EE03E30B98E1E3251B4D304 /* Build configuration list for PBXNativeTarget "LaughTrackUITests" */;
			buildPhases = (
				C04615814999296B68DC978F /* Sources */,
			);
			buildRules = (
			);
			dependencies = (
				95C49F62254D167DDA2B58C9 /* PBXTargetDependency */,
			);
			name = LaughTrackUITests;
			packageProductDependencies = (
			);
			productName = LaughTrackUITests;
			productReference = FB6DE921008E3BE464BC6C0A /* LaughTrackUITests.xctest */;
			productType = "com.apple.product-type.bundle.ui-testing";
		};
		588031D52FEC00A9869B0CEE /* LaughTrackCore */ = {
			isa = PBXNativeTarget;
			buildConfigurationList = C3CCC0DA0091A65842FA721E /* Build configuration list for PBXNativeTarget "LaughTrackCore" */;
			buildPhases = (
				B120EC8169CC39A2AA2CB9F9 /* Sources */,
				482B25D7333DFD17289EA13D /* Frameworks */,
			);
			buildRules = (
			);
			dependencies = (
				B63D2D76FF3BFDDBC0C61599 /* PBXTargetDependency */,
				7EF6497A1E6D61ADD11A29C3 /* PBXTargetDependency */,
			);
			name = LaughTrackCore;
			packageProductDependencies = (
			);
			productName = LaughTrackCore;
			productReference = 8EA13D0C5CA2F5439E19E122 /* LaughTrackCore.framework */;
			productType = "com.apple.product-type.framework.static";
		};
		B8EDA9FFB6021A3EABF2DF1D /* LaughTrackAPIClient */ = {
			isa = PBXNativeTarget;
			buildConfigurationList = EECC49F0AA286549A16335EA /* Build configuration list for PBXNativeTarget "LaughTrackAPIClient" */;
			buildPhases = (
				8F1D74B5B6A30145EBD326B3 /* Sources */,
				C66B494C2F2DD7A537BBFF3F /* Frameworks */,
			);
			buildRules = (
			);
			dependencies = (
			);
			name = LaughTrackAPIClient;
			packageProductDependencies = (
				835B2849E1649BAD8DA6A0F9 /* APIClient */,
				4472C700BD5B0922771D56BB /* OpenAPIRuntime */,
				02C7C5A65A09BD0E6A833275 /* HTTPTypes */,
			);
			productName = LaughTrackAPIClient;
			productReference = DE90DE11FF14510C06890AB7 /* LaughTrackAPIClient.framework */;
			productType = "com.apple.product-type.framework";
		};
		D19CF0218A59D603BE1AE54D /* LaughTrackBridge */ = {
			isa = PBXNativeTarget;
			buildConfigurationList = 055AAE6E4FAC82177905CE0A /* Build configuration list for PBXNativeTarget "LaughTrackBridge" */;
			buildPhases = (
				F11522F45315A81A3251F867 /* Sources */,
				92D2090F1E8B1B0DF1A8E2F5 /* Frameworks */,
			);
			buildRules = (
			);
			dependencies = (
			);
			name = LaughTrackBridge;
			packageProductDependencies = (
				B5CF312989F6114779A9309B /* SharedKit */,
			);
			productName = LaughTrackBridge;
			productReference = 20552640F544D4395DE585B7 /* LaughTrackBridge.framework */;
			productType = "com.apple.product-type.framework";
		};
		E407829409969471735EAA0F /* LaughTrack */ = {
			isa = PBXNativeTarget;
			buildConfigurationList = 8554C3F4C5FA71D5F8D90DA5 /* Build configuration list for PBXNativeTarget "LaughTrack" */;
			buildPhases = (
				08CC6FAA7FD758ED8CC803EC /* Sources */,
				79CB179671AEFAFA805BEAD0 /* Frameworks */,
				FCB232C13A5BE6125D562EF3 /* Embed Frameworks */,
			);
			buildRules = (
			);
			dependencies = (
				1E5F32AB6B0EC2C9D6C1D4B8 /* PBXTargetDependency */,
				53769A04FC0E5A64BAFAE5BA /* PBXTargetDependency */,
				D6314ADF457256542AF9F2D1 /* PBXTargetDependency */,
			);
			name = LaughTrack;
			packageProductDependencies = (
				4BE52EFE6EC3A2B61C652F82 /* SharedKit */,
				840EC01CEF9D9E447C26CF81 /* APIClient */,
				8780AC234414FC21BE50A118 /* OpenAPIRuntime */,
				3EE680D7B2961BCF494CE024 /* HTTPTypes */,
				61CB6BEBA8E2ACC482982705 /* OpenAPIURLSession */,
			);
			productName = LaughTrack;
			productReference = 8D4BF4FCA9AD4D3056F0DF97 /* LaughTrack.app */;
			productType = "com.apple.product-type.application";
		};
/* End PBXNativeTarget section */

/* Begin PBXProject section */
		5FB0ADAB0EB091F9D35AAAFB /* Project object */ = {
			isa = PBXProject;
			attributes = {
				BuildIndependentTargetsInParallel = YES;
				LastUpgradeCheck = 2630;
				TargetAttributes = {
					52750A922363534F75FFBF6B = {
						TestTargetID = E407829409969471735EAA0F;
					};
				};
			};
			buildConfigurationList = E610BD18D15E206C16429595 /* Build configuration list for PBXProject "LaughTrack" */;
			compatibilityVersion = "Xcode 14.0";
			developmentRegion = en;
			hasScannedForEncodings = 0;
			knownRegions = (
				Base,
				en,
			);
			mainGroup = 4912D91429873852372DFFCF;
			minimizedProjectReferenceProxies = 1;
			packageReferences = (
				043017419D5BF7055F628F43 /* XCRemoteSwiftPackageReference "ios-libs" */,
				A218FFDB29FEA859746F3235 /* XCRemoteSwiftPackageReference "swift-http-types" */,
				84B17814638981A8256A1360 /* XCRemoteSwiftPackageReference "swift-openapi-runtime" */,
				C12B3CB9CCBB3E72413D024E /* XCRemoteSwiftPackageReference "swift-openapi-urlsession" */,
			);
			preferredProjectObjectVersion = 77;
			projectDirPath = "";
			projectRoot = "";
			targets = (
				E407829409969471735EAA0F /* LaughTrack */,
				B8EDA9FFB6021A3EABF2DF1D /* LaughTrackAPIClient */,
				D19CF0218A59D603BE1AE54D /* LaughTrackBridge */,
				588031D52FEC00A9869B0CEE /* LaughTrackCore */,
				52750A922363534F75FFBF6B /* LaughTrackUITests */,
			);
		};
/* End PBXProject section */

/* Begin PBXSourcesBuildPhase section */
		08CC6FAA7FD758ED8CC803EC /* Sources */ = {
			isa = PBXSourcesBuildPhase;
			buildActionMask = 2147483647;
			files = (
				B207179F163C197224CDF050 /* ActivityView.swift in Sources */,
				92F47B2CCCE1D1296F3AE7BD /* AppRoute.swift in Sources */,
				7BF5BA4980BD8A9267682209 /* AppShellView.swift in Sources */,
				9009C5A81846DBC1B9A15358 /* AppTab.swift in Sources */,
				6EED35E475AD78DA03A3F5C7 /* ContentView.swift in Sources */,
				C00B3DACF4547137AC8B27E5 /* DiscoveryViews.swift in Sources */,
				9ECD9CBBBF4146F96875CF95 /* EntityDataFlow.swift in Sources */,
				1D2E87B73739EA1A7023E9E2 /* LaughTrackApp.swift in Sources */,
				F07B8BFA93C29AAB9929748A /* LaughTrackComponents.swift in Sources */,
				41F25FA51A32EFBC75B3B7B7 /* ProfileView.swift in Sources */,
				8873B3618E229562016FB042 /* SearchRootModel.swift in Sources */,
				6ABEE832F9DD11A82D34B73C /* SearchRootView.swift in Sources */,
			);
			runOnlyForDeploymentPostprocessing = 0;
		};
		8F1D74B5B6A30145EBD326B3 /* Sources */ = {
			isa = PBXSourcesBuildPhase;
			buildActionMask = 2147483647;
			files = (
				0E0EE5D3C981B00E1290F2FD /* Client.swift in Sources */,
				91F5129BA47F8724B27E8BF2 /* LaughTrackAPIClient.swift in Sources */,
				84583D2BFAB07ACA108C3CFA /* Types.swift in Sources */,
			);
			runOnlyForDeploymentPostprocessing = 0;
		};
		B120EC8169CC39A2AA2CB9F9 /* Sources */ = {
			isa = PBXSourcesBuildPhase;
			buildActionMask = 2147483647;
			files = (
				9F699E60A40D89F8C4A837CF /* APIVersionPathMiddleware.swift in Sources */,
				E2889930BEDFE54F911EC6D1 /* AppBootstrap.swift in Sources */,
				0FC8D86160FD6351D3956617 /* AppConfiguration.swift in Sources */,
				6345F1EA9EAEA2507D01175F /* AuthManager.swift in Sources */,
				03E5C3A13E13A63EDE0F87A0 /* AuthProvider.swift in Sources */,
				79980C10F2F4DC91F9EAED6E /* AuthRouteConfiguration.swift in Sources */,
				F3010080CDE3E66A512F6423 /* CurrentLocationZipResolver.swift in Sources */,
				2FDC04B26C9E078C0855E7FF /* LaughTrackCacheKey.swift in Sources */,
				1B95B72A52E55A1521A3914B /* LaughTrackOfflineOperation.swift in Sources */,
				E3DDB8037254DC0B356EBBEB /* NearbyLocationController.swift in Sources */,
				8A3AE319974FC54ABCE52FB2 /* NearbyPreferenceStore.swift in Sources */,
				38D7CA0826C7E00A4113ABA9 /* OAuthSessionRunner.swift in Sources */,
				F9868C97E0278D3313F4DE79 /* ServiceRegistration.swift in Sources */,
				3CEBAA68984331D050F4088C /* UnauthorizedResponseMiddleware.swift in Sources */,
			);
			runOnlyForDeploymentPostprocessing = 0;
		};
		C04615814999296B68DC978F /* Sources */ = {
			isa = PBXSourcesBuildPhase;
			buildActionMask = 2147483647;
			files = (
				A77B253353CA4E36DAC82C2E /* LaughTrackUITests.swift in Sources */,
			);
			runOnlyForDeploymentPostprocessing = 0;
		};
		F11522F45315A81A3251F867 /* Sources */ = {
			isa = PBXSourcesBuildPhase;
			buildActionMask = 2147483647;
			files = (
				89C07B42865A1B37AA845F1E /* LaughTrackBridge.swift in Sources */,
				B769EDC068BE0787A90C22F3 /* LaughTrackTheme.swift in Sources */,
			);
			runOnlyForDeploymentPostprocessing = 0;
		};
/* End PBXSourcesBuildPhase section */

/* Begin PBXTargetDependency section */
		1E5F32AB6B0EC2C9D6C1D4B8 /* PBXTargetDependency */ = {
			isa = PBXTargetDependency;
			target = 588031D52FEC00A9869B0CEE /* LaughTrackCore */;
			targetProxy = F10C462BC75B4021A16E504A /* PBXContainerItemProxy */;
		};
		53769A04FC0E5A64BAFAE5BA /* PBXTargetDependency */ = {
			isa = PBXTargetDependency;
			target = D19CF0218A59D603BE1AE54D /* LaughTrackBridge */;
			targetProxy = 44CC746FBC174026B35906B5 /* PBXContainerItemProxy */;
		};
		7EF6497A1E6D61ADD11A29C3 /* PBXTargetDependency */ = {
			isa = PBXTargetDependency;
			target = B8EDA9FFB6021A3EABF2DF1D /* LaughTrackAPIClient */;
			targetProxy = 454B052D1A6E9E2483E42637 /* PBXContainerItemProxy */;
		};
		95C49F62254D167DDA2B58C9 /* PBXTargetDependency */ = {
			isa = PBXTargetDependency;
			target = E407829409969471735EAA0F /* LaughTrack */;
			targetProxy = 7AD27A12ADCF21AE1118E584 /* PBXContainerItemProxy */;
		};
		B63D2D76FF3BFDDBC0C61599 /* PBXTargetDependency */ = {
			isa = PBXTargetDependency;
			target = D19CF0218A59D603BE1AE54D /* LaughTrackBridge */;
			targetProxy = A33B2D917D1F821596D80C8A /* PBXContainerItemProxy */;
		};
		D6314ADF457256542AF9F2D1 /* PBXTargetDependency */ = {
			isa = PBXTargetDependency;
			target = B8EDA9FFB6021A3EABF2DF1D /* LaughTrackAPIClient */;
			targetProxy = E2A2063F192D6802FEA2AC1A /* PBXContainerItemProxy */;
		};
/* End PBXTargetDependency section */

/* Begin XCBuildConfiguration section */
		13FE6258C3BD3B5F839DBC01 /* Debug */ = {
			isa = XCBuildConfiguration;
			buildSettings = {
				CODE_SIGN_IDENTITY = "";
				CURRENT_PROJECT_VERSION = 1;
				DEFINES_MODULE = YES;
				DYLIB_COMPATIBILITY_VERSION = 1;
				DYLIB_CURRENT_VERSION = 1;
				DYLIB_INSTALL_NAME_BASE = "@rpath";
				GENERATE_INFOPLIST_FILE = YES;
				INSTALL_PATH = "$(LOCAL_LIBRARY_DIR)/Frameworks";
				LD_RUNPATH_SEARCH_PATHS = (
					"$(inherited)",
					"@executable_path/Frameworks",
				);
				PRODUCT_BUNDLE_IDENTIFIER = com.laughtrack.apiclient;
				SDKROOT = iphoneos;
				SKIP_INSTALL = YES;
				TARGETED_DEVICE_FAMILY = "1,2";
				VERSIONING_SYSTEM = "apple-generic";
			};
			name = Debug;
		};
		14DCB10E8498AFF5A1621645 /* Release */ = {
			isa = XCBuildConfiguration;
			buildSettings = {
				ASSETCATALOG_COMPILER_APPICON_NAME = AppIcon;
				CODE_SIGN_IDENTITY = "iPhone Developer";
				CURRENT_PROJECT_VERSION = 1;
				GENERATE_INFOPLIST_FILE = NO;
				INFOPLIST_FILE = Sources/LaughTrackApp/Info.plist;
				LD_RUNPATH_SEARCH_PATHS = (
					"$(inherited)",
					"@executable_path/Frameworks",
				);
				MARKETING_VERSION = 1.0;
				PRODUCT_BUNDLE_IDENTIFIER = com.laughtrack.app;
				SDKROOT = iphoneos;
				SWIFT_EMIT_LOC_STRINGS = YES;
				TARGETED_DEVICE_FAMILY = "1,2";
			};
			name = Release;
		};
		1A0A285F92524EC4F8FF4413 /* Release */ = {
			isa = XCBuildConfiguration;
			buildSettings = {
				CODE_SIGN_IDENTITY = "";
				CURRENT_PROJECT_VERSION = 1;
				DEFINES_MODULE = YES;
				DYLIB_COMPATIBILITY_VERSION = 1;
				DYLIB_CURRENT_VERSION = 1;
				DYLIB_INSTALL_NAME_BASE = "@rpath";
				GENERATE_INFOPLIST_FILE = YES;
				INSTALL_PATH = "$(LOCAL_LIBRARY_DIR)/Frameworks";
				LD_RUNPATH_SEARCH_PATHS = (
					"$(inherited)",
					"@executable_path/Frameworks",
				);
				PRODUCT_BUNDLE_IDENTIFIER = com.laughtrack.apiclient;
				SDKROOT = iphoneos;
				SKIP_INSTALL = YES;
				TARGETED_DEVICE_FAMILY = "1,2";
				VERSIONING_SYSTEM = "apple-generic";
			};
			name = Release;
		};
		2AB7E6CC1CAEDCFF9E6DCF58 /* Release */ = {
			isa = XCBuildConfiguration;
			buildSettings = {
				BUNDLE_LOADER = "$(TEST_HOST)";
				GENERATE_INFOPLIST_FILE = YES;
				LD_RUNPATH_SEARCH_PATHS = (
					"$(inherited)",
					"@executable_path/Frameworks",
					"@loader_path/Frameworks",
				);
				PRODUCT_BUNDLE_IDENTIFIER = com.laughtrack.uitests;
				SDKROOT = iphoneos;
				TARGETED_DEVICE_FAMILY = "1,2";
				TEST_TARGET_NAME = LaughTrack;
			};
			name = Release;
		};
		3689652C419BA6E201C002C9 /* Release */ = {
			isa = XCBuildConfiguration;
			buildSettings = {
				CODE_SIGN_IDENTITY = "";
				CURRENT_PROJECT_VERSION = 1;
				DEFINES_MODULE = YES;
				DYLIB_COMPATIBILITY_VERSION = 1;
				DYLIB_CURRENT_VERSION = 1;
				DYLIB_INSTALL_NAME_BASE = "@rpath";
				GENERATE_INFOPLIST_FILE = YES;
				INSTALL_PATH = "$(LOCAL_LIBRARY_DIR)/Frameworks";
				LD_RUNPATH_SEARCH_PATHS = (
					"$(inherited)",
					"@executable_path/Frameworks",
				);
				PRODUCT_BUNDLE_IDENTIFIER = com.laughtrack.core;
				SDKROOT = iphoneos;
				SKIP_INSTALL = YES;
				TARGETED_DEVICE_FAMILY = "1,2";
				VERSIONING_SYSTEM = "apple-generic";
			};
			name = Release;
		};
		4406245F42A0F6FC2D99678E /* Debug */ = {
			isa = XCBuildConfiguration;
			buildSettings = {
				ASSETCATALOG_COMPILER_APPICON_NAME = AppIcon;
				CODE_SIGN_IDENTITY = "iPhone Developer";
				CURRENT_PROJECT_VERSION = 1;
				GENERATE_INFOPLIST_FILE = NO;
				INFOPLIST_FILE = Sources/LaughTrackApp/Info.plist;
				LD_RUNPATH_SEARCH_PATHS = (
					"$(inherited)",
					"@executable_path/Frameworks",
				);
				MARKETING_VERSION = 1.0;
				PRODUCT_BUNDLE_IDENTIFIER = com.laughtrack.app;
				SDKROOT = iphoneos;
				SWIFT_EMIT_LOC_STRINGS = YES;
				TARGETED_DEVICE_FAMILY = "1,2";
			};
			name = Debug;
		};
		45F5D38B935F0426E0F6081F /* Debug */ = {
			isa = XCBuildConfiguration;
			buildSettings = {
				CODE_SIGN_IDENTITY = "";
				CURRENT_PROJECT_VERSION = 1;
				DEFINES_MODULE = YES;
				DYLIB_COMPATIBILITY_VERSION = 1;
				DYLIB_CURRENT_VERSION = 1;
				DYLIB_INSTALL_NAME_BASE = "@rpath";
				GENERATE_INFOPLIST_FILE = YES;
				INSTALL_PATH = "$(LOCAL_LIBRARY_DIR)/Frameworks";
				LD_RUNPATH_SEARCH_PATHS = (
					"$(inherited)",
					"@executable_path/Frameworks",
				);
				PRODUCT_BUNDLE_IDENTIFIER = com.laughtrack.core;
				SDKROOT = iphoneos;
				SKIP_INSTALL = YES;
				TARGETED_DEVICE_FAMILY = "1,2";
				VERSIONING_SYSTEM = "apple-generic";
			};
			name = Debug;
		};
		4D6E5B1A84FF688A0229AADE /* Release */ = {
			isa = XCBuildConfiguration;
			buildSettings = {
				CODE_SIGN_IDENTITY = "";
				CURRENT_PROJECT_VERSION = 1;
				DEFINES_MODULE = YES;
				DYLIB_COMPATIBILITY_VERSION = 1;
				DYLIB_CURRENT_VERSION = 1;
				DYLIB_INSTALL_NAME_BASE = "@rpath";
				GENERATE_INFOPLIST_FILE = YES;
				INSTALL_PATH = "$(LOCAL_LIBRARY_DIR)/Frameworks";
				LD_RUNPATH_SEARCH_PATHS = (
					"$(inherited)",
					"@executable_path/Frameworks",
				);
				PRODUCT_BUNDLE_IDENTIFIER = com.laughtrack.bridge;
				SDKROOT = iphoneos;
				SKIP_INSTALL = YES;
				TARGETED_DEVICE_FAMILY = "1,2";
				VERSIONING_SYSTEM = "apple-generic";
			};
			name = Release;
		};
		578835C15EDC581077BF3C21 /* Debug */ = {
			isa = XCBuildConfiguration;
			buildSettings = {
				BUNDLE_LOADER = "$(TEST_HOST)";
				GENERATE_INFOPLIST_FILE = YES;
				LD_RUNPATH_SEARCH_PATHS = (
					"$(inherited)",
					"@executable_path/Frameworks",
					"@loader_path/Frameworks",
				);
				PRODUCT_BUNDLE_IDENTIFIER = com.laughtrack.uitests;
				SDKROOT = iphoneos;
				TARGETED_DEVICE_FAMILY = "1,2";
				TEST_TARGET_NAME = LaughTrack;
			};
			name = Debug;
		};
		91689E70625E985F5049E5E4 /* Debug */ = {
			isa = XCBuildConfiguration;
			buildSettings = {
				CODE_SIGN_IDENTITY = "";
				CURRENT_PROJECT_VERSION = 1;
				DEFINES_MODULE = YES;
				DYLIB_COMPATIBILITY_VERSION = 1;
				DYLIB_CURRENT_VERSION = 1;
				DYLIB_INSTALL_NAME_BASE = "@rpath";
				GENERATE_INFOPLIST_FILE = YES;
				INSTALL_PATH = "$(LOCAL_LIBRARY_DIR)/Frameworks";
				LD_RUNPATH_SEARCH_PATHS = (
					"$(inherited)",
					"@executable_path/Frameworks",
				);
				PRODUCT_BUNDLE_IDENTIFIER = com.laughtrack.bridge;
				SDKROOT = iphoneos;
				SKIP_INSTALL = YES;
				TARGETED_DEVICE_FAMILY = "1,2";
				VERSIONING_SYSTEM = "apple-generic";
			};
			name = Debug;
		};
		931444B369F0F77481EE7AAB /* Release */ = {
			isa = XCBuildConfiguration;
			buildSettings = {
				ALWAYS_SEARCH_USER_PATHS = NO;
				CLANG_ANALYZER_NONNULL = YES;
				CLANG_ANALYZER_NUMBER_OBJECT_CONVERSION = YES_AGGRESSIVE;
				CLANG_CXX_LANGUAGE_STANDARD = "gnu++14";
				CLANG_CXX_LIBRARY = "libc++";
				CLANG_ENABLE_MODULES = YES;
				CLANG_ENABLE_OBJC_ARC = YES;
				CLANG_ENABLE_OBJC_WEAK = YES;
				CLANG_WARN_BLOCK_CAPTURE_AUTORELEASING = YES;
				CLANG_WARN_BOOL_CONVERSION = YES;
				CLANG_WARN_COMMA = YES;
				CLANG_WARN_CONSTANT_CONVERSION = YES;
				CLANG_WARN_DEPRECATED_OBJC_IMPLEMENTATIONS = YES;
				CLANG_WARN_DIRECT_OBJC_ISA_USAGE = YES_ERROR;
				CLANG_WARN_DOCUMENTATION_COMMENTS = YES;
				CLANG_WARN_EMPTY_BODY = YES;
				CLANG_WARN_ENUM_CONVERSION = YES;
				CLANG_WARN_INFINITE_RECURSION = YES;
				CLANG_WARN_INT_CONVERSION = YES;
				CLANG_WARN_NON_LITERAL_NULL_CONVERSION = YES;
				CLANG_WARN_OBJC_IMPLICIT_RETAIN_SELF = YES;
				CLANG_WARN_OBJC_LITERAL_CONVERSION = YES;
				CLANG_WARN_OBJC_ROOT_CLASS = YES_ERROR;
				CLANG_WARN_QUOTED_INCLUDE_IN_FRAMEWORK_HEADER = YES;
				CLANG_WARN_RANGE_LOOP_ANALYSIS = YES;
				CLANG_WARN_STRICT_PROTOTYPES = YES;
				CLANG_WARN_SUSPICIOUS_MOVE = YES;
				CLANG_WARN_UNGUARDED_AVAILABILITY = YES_AGGRESSIVE;
				CLANG_WARN_UNREACHABLE_CODE = YES;
				CLANG_WARN__DUPLICATE_METHOD_MATCH = YES;
				COPY_PHASE_STRIP = NO;
				DEBUG_INFORMATION_FORMAT = "dwarf-with-dsym";
				ENABLE_NS_ASSERTIONS = NO;
				ENABLE_STRICT_OBJC_MSGSEND = YES;
				GCC_C_LANGUAGE_STANDARD = gnu11;
				GCC_NO_COMMON_BLOCKS = YES;
				GCC_WARN_64_TO_32_BIT_CONVERSION = YES;
				GCC_WARN_ABOUT_RETURN_TYPE = YES_ERROR;
				GCC_WARN_UNDECLARED_SELECTOR = YES;
				GCC_WARN_UNINITIALIZED_AUTOS = YES_AGGRESSIVE;
				GCC_WARN_UNUSED_FUNCTION = YES;
				GCC_WARN_UNUSED_VARIABLE = YES;
				IPHONEOS_DEPLOYMENT_TARGET = 16.0;
				MTL_ENABLE_DEBUG_INFO = NO;
				MTL_FAST_MATH = YES;
				PRODUCT_NAME = "$(TARGET_NAME)";
				SDKROOT = iphoneos;
				SWIFT_COMPILATION_MODE = wholemodule;
				SWIFT_OPTIMIZATION_LEVEL = "-O";
				SWIFT_VERSION = 5.0;
			};
			name = Release;
		};
		EF21138385410472A8669B1A /* Debug */ = {
			isa = XCBuildConfiguration;
			buildSettings = {
				ALWAYS_SEARCH_USER_PATHS = NO;
				CLANG_ANALYZER_NONNULL = YES;
				CLANG_ANALYZER_NUMBER_OBJECT_CONVERSION = YES_AGGRESSIVE;
				CLANG_CXX_LANGUAGE_STANDARD = "gnu++14";
				CLANG_CXX_LIBRARY = "libc++";
				CLANG_ENABLE_MODULES = YES;
				CLANG_ENABLE_OBJC_ARC = YES;
				CLANG_ENABLE_OBJC_WEAK = YES;
				CLANG_WARN_BLOCK_CAPTURE_AUTORELEASING = YES;
				CLANG_WARN_BOOL_CONVERSION = YES;
				CLANG_WARN_COMMA = YES;
				CLANG_WARN_CONSTANT_CONVERSION = YES;
				CLANG_WARN_DEPRECATED_OBJC_IMPLEMENTATIONS = YES;
				CLANG_WARN_DIRECT_OBJC_ISA_USAGE = YES_ERROR;
				CLANG_WARN_DOCUMENTATION_COMMENTS = YES;
				CLANG_WARN_EMPTY_BODY = YES;
				CLANG_WARN_ENUM_CONVERSION = YES;
				CLANG_WARN_INFINITE_RECURSION = YES;
				CLANG_WARN_INT_CONVERSION = YES;
				CLANG_WARN_NON_LITERAL_NULL_CONVERSION = YES;
				CLANG_WARN_OBJC_IMPLICIT_RETAIN_SELF = YES;
				CLANG_WARN_OBJC_LITERAL_CONVERSION = YES;
				CLANG_WARN_OBJC_ROOT_CLASS = YES_ERROR;
				CLANG_WARN_QUOTED_INCLUDE_IN_FRAMEWORK_HEADER = YES;
				CLANG_WARN_RANGE_LOOP_ANALYSIS = YES;
				CLANG_WARN_STRICT_PROTOTYPES = YES;
				CLANG_WARN_SUSPICIOUS_MOVE = YES;
				CLANG_WARN_UNGUARDED_AVAILABILITY = YES_AGGRESSIVE;
				CLANG_WARN_UNREACHABLE_CODE = YES;
				CLANG_WARN__DUPLICATE_METHOD_MATCH = YES;
				COPY_PHASE_STRIP = NO;
				DEBUG_INFORMATION_FORMAT = dwarf;
				ENABLE_STRICT_OBJC_MSGSEND = YES;
				ENABLE_TESTABILITY = YES;
				GCC_C_LANGUAGE_STANDARD = gnu11;
				GCC_DYNAMIC_NO_PIC = NO;
				GCC_NO_COMMON_BLOCKS = YES;
				GCC_OPTIMIZATION_LEVEL = 0;
				GCC_PREPROCESSOR_DEFINITIONS = (
					"$(inherited)",
					"DEBUG=1",
				);
				GCC_WARN_64_TO_32_BIT_CONVERSION = YES;
				GCC_WARN_ABOUT_RETURN_TYPE = YES_ERROR;
				GCC_WARN_UNDECLARED_SELECTOR = YES;
				GCC_WARN_UNINITIALIZED_AUTOS = YES_AGGRESSIVE;
				GCC_WARN_UNUSED_FUNCTION = YES;
				GCC_WARN_UNUSED_VARIABLE = YES;
				IPHONEOS_DEPLOYMENT_TARGET = 16.0;
				MTL_ENABLE_DEBUG_INFO = INCLUDE_SOURCE;
				MTL_FAST_MATH = YES;
				ONLY_ACTIVE_ARCH = YES;
				PRODUCT_NAME = "$(TARGET_NAME)";
				SDKROOT = iphoneos;
				SWIFT_ACTIVE_COMPILATION_CONDITIONS = DEBUG;
				SWIFT_OPTIMIZATION_LEVEL = "-Onone";
				SWIFT_VERSION = 5.0;
			};
			name = Debug;
		};
/* End XCBuildConfiguration section */

/* Begin XCConfigurationList section */
		055AAE6E4FAC82177905CE0A /* Build configuration list for PBXNativeTarget "LaughTrackBridge" */ = {
			isa = XCConfigurationList;
			buildConfigurations = (
				91689E70625E985F5049E5E4 /* Debug */,
				4D6E5B1A84FF688A0229AADE /* Release */,
			);
			defaultConfigurationIsVisible = 0;
			defaultConfigurationName = Debug;
		};
		8554C3F4C5FA71D5F8D90DA5 /* Build configuration list for PBXNativeTarget "LaughTrack" */ = {
			isa = XCConfigurationList;
			buildConfigurations = (
				4406245F42A0F6FC2D99678E /* Debug */,
				14DCB10E8498AFF5A1621645 /* Release */,
			);
			defaultConfigurationIsVisible = 0;
			defaultConfigurationName = Debug;
		};
		9EE03E30B98E1E3251B4D304 /* Build configuration list for PBXNativeTarget "LaughTrackUITests" */ = {
			isa = XCConfigurationList;
			buildConfigurations = (
				578835C15EDC581077BF3C21 /* Debug */,
				2AB7E6CC1CAEDCFF9E6DCF58 /* Release */,
			);
			defaultConfigurationIsVisible = 0;
			defaultConfigurationName = Debug;
		};
		C3CCC0DA0091A65842FA721E /* Build configuration list for PBXNativeTarget "LaughTrackCore" */ = {
			isa = XCConfigurationList;
			buildConfigurations = (
				45F5D38B935F0426E0F6081F /* Debug */,
				3689652C419BA6E201C002C9 /* Release */,
			);
			defaultConfigurationIsVisible = 0;
			defaultConfigurationName = Debug;
		};
		E610BD18D15E206C16429595 /* Build configuration list for PBXProject "LaughTrack" */ = {
			isa = XCConfigurationList;
			buildConfigurations = (
				EF21138385410472A8669B1A /* Debug */,
				931444B369F0F77481EE7AAB /* Release */,
			);
			defaultConfigurationIsVisible = 0;
			defaultConfigurationName = Debug;
		};
		EECC49F0AA286549A16335EA /* Build configuration list for PBXNativeTarget "LaughTrackAPIClient" */ = {
			isa = XCConfigurationList;
			buildConfigurations = (
				13FE6258C3BD3B5F839DBC01 /* Debug */,
				1A0A285F92524EC4F8FF4413 /* Release */,
			);
			defaultConfigurationIsVisible = 0;
			defaultConfigurationName = Debug;
		};
/* End XCConfigurationList section */

/* Begin XCRemoteSwiftPackageReference section */
		043017419D5BF7055F628F43 /* XCRemoteSwiftPackageReference "ios-libs" */ = {
			isa = XCRemoteSwiftPackageReference;
			repositoryURL = "https://github.com/gioe/ios-libs.git";
			requirement = {
				kind = revision;
				revision = 8fc3189e4a0a2210bcf383417c2b49aac18379fe;
			};
		};
		84B17814638981A8256A1360 /* XCRemoteSwiftPackageReference "swift-openapi-runtime" */ = {
			isa = XCRemoteSwiftPackageReference;
			repositoryURL = "https://github.com/apple/swift-openapi-runtime";
			requirement = {
				kind = upToNextMajorVersion;
				minimumVersion = 1.9.0;
			};
		};
		A218FFDB29FEA859746F3235 /* XCRemoteSwiftPackageReference "swift-http-types" */ = {
			isa = XCRemoteSwiftPackageReference;
			repositoryURL = "https://github.com/apple/swift-http-types";
			requirement = {
				kind = upToNextMajorVersion;
				minimumVersion = 1.0.0;
			};
		};
		C12B3CB9CCBB3E72413D024E /* XCRemoteSwiftPackageReference "swift-openapi-urlsession" */ = {
			isa = XCRemoteSwiftPackageReference;
			repositoryURL = "https://github.com/apple/swift-openapi-urlsession";
			requirement = {
				kind = upToNextMajorVersion;
				minimumVersion = 1.2.0;
			};
		};
/* End XCRemoteSwiftPackageReference section */

/* Begin XCSwiftPackageProductDependency section */
		02C7C5A65A09BD0E6A833275 /* HTTPTypes */ = {
			isa = XCSwiftPackageProductDependency;
			package = A218FFDB29FEA859746F3235 /* XCRemoteSwiftPackageReference "swift-http-types" */;
			productName = HTTPTypes;
		};
		3EE680D7B2961BCF494CE024 /* HTTPTypes */ = {
			isa = XCSwiftPackageProductDependency;
			package = A218FFDB29FEA859746F3235 /* XCRemoteSwiftPackageReference "swift-http-types" */;
			productName = HTTPTypes;
		};
		4472C700BD5B0922771D56BB /* OpenAPIRuntime */ = {
			isa = XCSwiftPackageProductDependency;
			package = 84B17814638981A8256A1360 /* XCRemoteSwiftPackageReference "swift-openapi-runtime" */;
			productName = OpenAPIRuntime;
		};
		4BE52EFE6EC3A2B61C652F82 /* SharedKit */ = {
			isa = XCSwiftPackageProductDependency;
			package = 043017419D5BF7055F628F43 /* XCRemoteSwiftPackageReference "ios-libs" */;
			productName = SharedKit;
		};
		61CB6BEBA8E2ACC482982705 /* OpenAPIURLSession */ = {
			isa = XCSwiftPackageProductDependency;
			package = C12B3CB9CCBB3E72413D024E /* XCRemoteSwiftPackageReference "swift-openapi-urlsession" */;
			productName = OpenAPIURLSession;
		};
		835B2849E1649BAD8DA6A0F9 /* APIClient */ = {
			isa = XCSwiftPackageProductDependency;
			package = 043017419D5BF7055F628F43 /* XCRemoteSwiftPackageReference "ios-libs" */;
			productName = APIClient;
		};
		840EC01CEF9D9E447C26CF81 /* APIClient */ = {
			isa = XCSwiftPackageProductDependency;
			package = 043017419D5BF7055F628F43 /* XCRemoteSwiftPackageReference "ios-libs" */;
			productName = APIClient;
		};
		8780AC234414FC21BE50A118 /* OpenAPIRuntime */ = {
			isa = XCSwiftPackageProductDependency;
			package = 84B17814638981A8256A1360 /* XCRemoteSwiftPackageReference "swift-openapi-runtime" */;
			productName = OpenAPIRuntime;
		};
		B5CF312989F6114779A9309B /* SharedKit */ = {
			isa = XCSwiftPackageProductDependency;
			package = 043017419D5BF7055F628F43 /* XCRemoteSwiftPackageReference "ios-libs" */;
			productName = SharedKit;
		};
/* End XCSwiftPackageProductDependency section */
	};
	rootObject = 5FB0ADAB0EB091F9D35AAAFB /* Project object */;
}
